// !$*UTF8*$!
{
	archiveVersion = 1;
	classes = {
	};
	objectVersion = 56;
	objects = {

/* Begin PBXBuildFile section */
		ED2A00B12AA99CEC004A346D /* AppDelegate.swift in Sources */ = {isa = PBXBuildFile; fileRef = ED2A00B02AA99CEC004A346D /* AppDelegate.swift */; };
		ED2A00B32AA99CEC004A346D /* SceneDelegate.swift in Sources */ = {isa = PBXBuildFile; fileRef = ED2A00B22AA99CEC004A346D /* SceneDelegate.swift */; };
		ED2A00BA2AA99CED004A346D /* Assets.xcassets in Resources */ = {isa = PBXBuildFile; fileRef = ED2A00B92AA99CED004A346D /* Assets.xcassets */; };
		ED2A00BD2AA99CED004A346D /* LaunchScreen.storyboard in Resources */ = {isa = PBXBuildFile; fileRef = ED2A00BB2AA99CED004A346D /* LaunchScreen.storyboard */; };
		ED2A00CC2AA9AD00004A346D /* Realm in Frameworks */ = {isa = PBXBuildFile; productRef = ED2A00CB2AA9AD00004A346D /* Realm */; };
		ED2A00CE2AA9AD00004A346D /* RealmSwift in Frameworks */ = {isa = PBXBuildFile; productRef = ED2A00CD2AA9AD00004A346D /* RealmSwift */; };
		ED2A00D12AA9AD4D004A346D /* SnapKit in Frameworks */ = {isa = PBXBuildFile; productRef = ED2A00D02AA9AD4D004A346D /* SnapKit */; };
		ED2A00D42AA9AD6F004A346D /* RxCocoa in Frameworks */ = {isa = PBXBuildFile; productRef = ED2A00D32AA9AD6F004A346D /* RxCocoa */; };
		ED2A00D62AA9AD6F004A346D /* RxRelay in Frameworks */ = {isa = PBXBuildFile; productRef = ED2A00D52AA9AD6F004A346D /* RxRelay */; };
		ED2A00D82AA9AD6F004A346D /* RxSwift in Frameworks */ = {isa = PBXBuildFile; productRef = ED2A00D72AA9AD6F004A346D /* RxSwift */; };
		ED2A00DB2AA9AE60004A346D /* AppDIContainer.swift in Sources */ = {isa = PBXBuildFile; fileRef = ED2A00DA2AA9AE60004A346D /* AppDIContainer.swift */; };
		ED2A00DD2AA9AE94004A346D /* AuthSceneDIContainer.swift in Sources */ = {isa = PBXBuildFile; fileRef = ED2A00DC2AA9AE94004A346D /* AuthSceneDIContainer.swift */; };
		ED2A00E12AA9AF08004A346D /* AuthCoordinator.swift in Sources */ = {isa = PBXBuildFile; fileRef = ED2A00E02AA9AF08004A346D /* AuthCoordinator.swift */; };
		ED2A00E52AA9AF3D004A346D /* LoginViewController.swift in Sources */ = {isa = PBXBuildFile; fileRef = ED2A00E42AA9AF3D004A346D /* LoginViewController.swift */; };
		ED2A00E82AA9AF85004A346D /* BaseViewController.swift in Sources */ = {isa = PBXBuildFile; fileRef = ED2A00E72AA9AF85004A346D /* BaseViewController.swift */; };
		ED2A00EA2AA9B267004A346D /* CoordinatorProtocol.swift in Sources */ = {isa = PBXBuildFile; fileRef = ED2A00E92AA9B267004A346D /* CoordinatorProtocol.swift */; };
		ED2A00EC2AA9B419004A346D /* .gitignore in Resources */ = {isa = PBXBuildFile; fileRef = ED2A00EB2AA9B419004A346D /* .gitignore */; };
		ED2A00EF2AA9B765004A346D /* AppFlowCoordinator.swift in Sources */ = {isa = PBXBuildFile; fileRef = ED2A00EE2AA9B765004A346D /* AppFlowCoordinator.swift */; };
		ED2A00F52AA9B848004A346D /* UserDefaultsKey.swift in Sources */ = {isa = PBXBuildFile; fileRef = ED2A00F42AA9B848004A346D /* UserDefaultsKey.swift */; };
/* End PBXBuildFile section */

/* Begin PBXFileReference section */
		ED2A00AD2AA99CEC004A346D /* SeSACMarket.app */ = {isa = PBXFileReference; explicitFileType = wrapper.application; includeInIndex = 0; path = SeSACMarket.app; sourceTree = BUILT_PRODUCTS_DIR; };
		ED2A00B02AA99CEC004A346D /* AppDelegate.swift */ = {isa = PBXFileReference; lastKnownFileType = sourcecode.swift; path = AppDelegate.swift; sourceTree = "<group>"; };
		ED2A00B22AA99CEC004A346D /* SceneDelegate.swift */ = {isa = PBXFileReference; lastKnownFileType = sourcecode.swift; path = SceneDelegate.swift; sourceTree = "<group>"; };
		ED2A00B92AA99CED004A346D /* Assets.xcassets */ = {isa = PBXFileReference; lastKnownFileType = folder.assetcatalog; path = Assets.xcassets; sourceTree = "<group>"; };
		ED2A00BC2AA99CED004A346D /* Base */ = {isa = PBXFileReference; lastKnownFileType = file.storyboard; name = Base; path = Base.lproj/LaunchScreen.storyboard; sourceTree = "<group>"; };
		ED2A00BE2AA99CED004A346D /* Info.plist */ = {isa = PBXFileReference; lastKnownFileType = text.plist.xml; path = Info.plist; sourceTree = "<group>"; };
		ED2A00DA2AA9AE60004A346D /* AppDIContainer.swift */ = {isa = PBXFileReference; lastKnownFileType = sourcecode.swift; path = AppDIContainer.swift; sourceTree = "<group>"; };
		ED2A00DC2AA9AE94004A346D /* AuthSceneDIContainer.swift */ = {isa = PBXFileReference; lastKnownFileType = sourcecode.swift; path = AuthSceneDIContainer.swift; sourceTree = "<group>"; };
		ED2A00E02AA9AF08004A346D /* AuthCoordinator.swift */ = {isa = PBXFileReference; lastKnownFileType = sourcecode.swift; path = AuthCoordinator.swift; sourceTree = "<group>"; };
		ED2A00E42AA9AF3D004A346D /* LoginViewController.swift */ = {isa = PBXFileReference; lastKnownFileType = sourcecode.swift; path = LoginViewController.swift; sourceTree = "<group>"; };
		ED2A00E72AA9AF85004A346D /* BaseViewController.swift */ = {isa = PBXFileReference; lastKnownFileType = sourcecode.swift; path = BaseViewController.swift; sourceTree = "<group>"; };
		ED2A00E92AA9B267004A346D /* CoordinatorProtocol.swift */ = {isa = PBXFileReference; lastKnownFileType = sourcecode.swift; path = CoordinatorProtocol.swift; sourceTree = "<group>"; };
		ED2A00EB2AA9B419004A346D /* .gitignore */ = {isa = PBXFileReference; lastKnownFileType = text; path = .gitignore; sourceTree = "<group>"; };
		ED2A00ED2AA9B437004A346D /* TODO.md */ = {isa = PBXFileReference; lastKnownFileType = net.daringfireball.markdown; path = TODO.md; sourceTree = "<group>"; };
		ED2A00EE2AA9B765004A346D /* AppFlowCoordinator.swift */ = {isa = PBXFileReference; lastKnownFileType = sourcecode.swift; path = AppFlowCoordinator.swift; sourceTree = "<group>"; };
		ED2A00F42AA9B848004A346D /* UserDefaultsKey.swift */ = {isa = PBXFileReference; lastKnownFileType = sourcecode.swift; path = UserDefaultsKey.swift; sourceTree = "<group>"; };
/* End PBXFileReference section */

/* Begin PBXFrameworksBuildPhase section */
		ED2A00AA2AA99CEC004A346D /* Frameworks */ = {
			isa = PBXFrameworksBuildPhase;
			buildActionMask = 2147483647;
			files = (
				ED2A00D82AA9AD6F004A346D /* RxSwift in Frameworks */,
				ED2A00D62AA9AD6F004A346D /* RxRelay in Frameworks */,
				ED2A00D12AA9AD4D004A346D /* SnapKit in Frameworks */,
				ED2A00CE2AA9AD00004A346D /* RealmSwift in Frameworks */,
				ED2A00D42AA9AD6F004A346D /* RxCocoa in Frameworks */,
				ED2A00CC2AA9AD00004A346D /* Realm in Frameworks */,
			);
			runOnlyForDeploymentPostprocessing = 0;
		};
/* End PBXFrameworksBuildPhase section */

/* Begin PBXGroup section */
		ED2A00A42AA99CEC004A346D = {
			isa = PBXGroup;
			children = (
				ED2A00ED2AA9B437004A346D /* TODO.md */,
				ED2A00EB2AA9B419004A346D /* .gitignore */,
				ED2A00AF2AA99CEC004A346D /* SeSACMarket */,
				ED2A00AE2AA99CEC004A346D /* Products */,
			);
			sourceTree = "<group>";
		};
		ED2A00AE2AA99CEC004A346D /* Products */ = {
			isa = PBXGroup;
			children = (
				ED2A00AD2AA99CEC004A346D /* SeSACMarket.app */,
			);
			name = Products;
			sourceTree = "<group>";
		};
		ED2A00AF2AA99CEC004A346D /* SeSACMarket */ = {
			isa = PBXGroup;
			children = (
				ED2A00C52AA9ABFE004A346D /* Application */,
				ED2A00C72AA9AC14004A346D /* Data */,
				ED2A00C62AA9AC0A004A346D /* Domain */,
				ED2A00C82AA9AC29004A346D /* Presentation */,
				ED2A00C92AA9AC3B004A346D /* Infrastructure */,
				ED2A00C42AA9ABA1004A346D /* Resources */,
			);
			path = SeSACMarket;
			sourceTree = "<group>";
		};
		ED2A00C42AA9ABA1004A346D /* Resources */ = {
			isa = PBXGroup;
			children = (
				ED2A00B92AA99CED004A346D /* Assets.xcassets */,
				ED2A00BB2AA99CED004A346D /* LaunchScreen.storyboard */,
				ED2A00BE2AA99CED004A346D /* Info.plist */,
			);
			path = Resources;
			sourceTree = "<group>";
		};
		ED2A00C52AA9ABFE004A346D /* Application */ = {
			isa = PBXGroup;
			children = (
				ED2A00B02AA99CEC004A346D /* AppDelegate.swift */,
				ED2A00B22AA99CEC004A346D /* SceneDelegate.swift */,
				ED2A00EE2AA9B765004A346D /* AppFlowCoordinator.swift */,
				ED2A00D92AA9AE4F004A346D /* DIContainer */,
			);
			path = Application;
			sourceTree = "<group>";
		};
		ED2A00C62AA9AC0A004A346D /* Domain */ = {
			isa = PBXGroup;
			children = (
			);
			path = Domain;
			sourceTree = "<group>";
		};
		ED2A00C72AA9AC14004A346D /* Data */ = {
			isa = PBXGroup;
			children = (
			);
			path = Data;
			sourceTree = "<group>";
		};
		ED2A00C82AA9AC29004A346D /* Presentation */ = {
			isa = PBXGroup;
			children = (
				ED2A00E62AA9AF56004A346D /* Base */,
				ED2A00DE2AA9AEE5004A346D /* AuthScene */,
			);
			path = Presentation;
			sourceTree = "<group>";
		};
		ED2A00C92AA9AC3B004A346D /* Infrastructure */ = {
			isa = PBXGroup;
			children = (
				ED2A00F32AA9B837004A346D /* NameSpace */,
			);
			path = Infrastructure;
			sourceTree = "<group>";
		};
		ED2A00D92AA9AE4F004A346D /* DIContainer */ = {
			isa = PBXGroup;
			children = (
				ED2A00DA2AA9AE60004A346D /* AppDIContainer.swift */,
				ED2A00DC2AA9AE94004A346D /* AuthSceneDIContainer.swift */,
			);
			path = DIContainer;
			sourceTree = "<group>";
		};
		ED2A00DE2AA9AEE5004A346D /* AuthScene */ = {
			isa = PBXGroup;
			children = (
				ED2A00DF2AA9AEF8004A346D /* Flows */,
				ED2A00E22AA9AF25004A346D /* Login */,
			);
			path = AuthScene;
			sourceTree = "<group>";
		};
		ED2A00DF2AA9AEF8004A346D /* Flows */ = {
			isa = PBXGroup;
			children = (
				ED2A00E02AA9AF08004A346D /* AuthCoordinator.swift */,
			);
			path = Flows;
			sourceTree = "<group>";
		};
		ED2A00E22AA9AF25004A346D /* Login */ = {
			isa = PBXGroup;
			children = (
				ED2A00E32AA9AF2D004A346D /* View */,
			);
			path = Login;
			sourceTree = "<group>";
		};
		ED2A00E32AA9AF2D004A346D /* View */ = {
			isa = PBXGroup;
			children = (
				ED2A00E42AA9AF3D004A346D /* LoginViewController.swift */,
			);
			path = View;
			sourceTree = "<group>";
		};
		ED2A00E62AA9AF56004A346D /* Base */ = {
			isa = PBXGroup;
			children = (
				ED2A00E72AA9AF85004A346D /* BaseViewController.swift */,
				ED2A00E92AA9B267004A346D /* CoordinatorProtocol.swift */,
			);
			path = Base;
			sourceTree = "<group>";
		};
		ED2A00F32AA9B837004A346D /* NameSpace */ = {
			isa = PBXGroup;
			children = (
				ED2A00F42AA9B848004A346D /* UserDefaultsKey.swift */,
			);
			path = NameSpace;
			sourceTree = "<group>";
		};
/* End PBXGroup section */

/* Begin PBXNativeTarget section */
		ED2A00AC2AA99CEC004A346D /* SeSACMarket */ = {
			isa = PBXNativeTarget;
			buildConfigurationList = ED2A00C12AA99CED004A346D /* Build configuration list for PBXNativeTarget "SeSACMarket" */;
			buildPhases = (
				ED2A00A92AA99CEC004A346D /* Sources */,
				ED2A00AA2AA99CEC004A346D /* Frameworks */,
				ED2A00AB2AA99CEC004A346D /* Resources */,
			);
			buildRules = (
			);
			dependencies = (
			);
			name = SeSACMarket;
			packageProductDependencies = (
				ED2A00CB2AA9AD00004A346D /* Realm */,
				ED2A00CD2AA9AD00004A346D /* RealmSwift */,
				ED2A00D02AA9AD4D004A346D /* SnapKit */,
				ED2A00D32AA9AD6F004A346D /* RxCocoa */,
				ED2A00D52AA9AD6F004A346D /* RxRelay */,
				ED2A00D72AA9AD6F004A346D /* RxSwift */,
			);
			productName = SeSACMarket;
			productReference = ED2A00AD2AA99CEC004A346D /* SeSACMarket.app */;
			productType = "com.apple.product-type.application";
		};
/* End PBXNativeTarget section */

/* Begin PBXProject section */
		ED2A00A52AA99CEC004A346D /* Project object */ = {
			isa = PBXProject;
			attributes = {
				BuildIndependentTargetsInParallel = 1;
				LastSwiftUpdateCheck = 1420;
				LastUpgradeCheck = 1420;
				TargetAttributes = {
					ED2A00AC2AA99CEC004A346D = {
						CreatedOnToolsVersion = 14.2;
					};
				};
			};
			buildConfigurationList = ED2A00A82AA99CEC004A346D /* Build configuration list for PBXProject "SeSACMarket" */;
			compatibilityVersion = "Xcode 14.0";
			developmentRegion = en;
			hasScannedForEncodings = 0;
			knownRegions = (
				en,
				Base,
			);
			mainGroup = ED2A00A42AA99CEC004A346D;
			packageReferences = (
				ED2A00CA2AA9AD00004A346D /* XCRemoteSwiftPackageReference "realm-swift" */,
				ED2A00CF2AA9AD4D004A346D /* XCRemoteSwiftPackageReference "SnapKit" */,
				ED2A00D22AA9AD6F004A346D /* XCRemoteSwiftPackageReference "RxSwift" */,
			);
			productRefGroup = ED2A00AE2AA99CEC004A346D /* Products */;
			projectDirPath = "";
			projectRoot = "";
			targets = (
				ED2A00AC2AA99CEC004A346D /* SeSACMarket */,
			);
		};
/* End PBXProject section */

/* Begin PBXResourcesBuildPhase section */
		ED2A00AB2AA99CEC004A346D /* Resources */ = {
			isa = PBXResourcesBuildPhase;
			buildActionMask = 2147483647;
			files = (
				ED2A00BD2AA99CED004A346D /* LaunchScreen.storyboard in Resources */,
				ED2A00EC2AA9B419004A346D /* .gitignore in Resources */,
				ED2A00BA2AA99CED004A346D /* Assets.xcassets in Resources */,
			);
			runOnlyForDeploymentPostprocessing = 0;
		};
/* End PBXResourcesBuildPhase section */

/* Begin PBXSourcesBuildPhase section */
		ED2A00A92AA99CEC004A346D /* Sources */ = {
			isa = PBXSourcesBuildPhase;
			buildActionMask = 2147483647;
			files = (
				ED2A00E52AA9AF3D004A346D /* LoginViewController.swift in Sources */,
				ED2A00EF2AA9B765004A346D /* AppFlowCoordinator.swift in Sources */,
				ED2A00F52AA9B848004A346D /* UserDefaultsKey.swift in Sources */,
				ED2A00E12AA9AF08004A346D /* AuthCoordinator.swift in Sources */,
				ED2A00EA2AA9B267004A346D /* CoordinatorProtocol.swift in Sources */,
				ED2A00DD2AA9AE94004A346D /* AuthSceneDIContainer.swift in Sources */,
				ED2A00B12AA99CEC004A346D /* AppDelegate.swift in Sources */,
				ED2A00B32AA99CEC004A346D /* SceneDelegate.swift in Sources */,
				ED2A00E82AA9AF85004A346D /* BaseViewController.swift in Sources */,
				ED2A00DB2AA9AE60004A346D /* AppDIContainer.swift in Sources */,
			);
			runOnlyForDeploymentPostprocessing = 0;
		};
/* End PBXSourcesBuildPhase section */

/* Begin PBXVariantGroup section */
		ED2A00BB2AA99CED004A346D /* LaunchScreen.storyboard */ = {
			isa = PBXVariantGroup;
			children = (
				ED2A00BC2AA99CED004A346D /* Base */,
			);
			name = LaunchScreen.storyboard;
			sourceTree = "<group>";
		};
/* End PBXVariantGroup section */

/* Begin XCBuildConfiguration section */
		ED2A00BF2AA99CED004A346D /* Debug */ = {
			isa = XCBuildConfiguration;
			buildSettings = {
				ALWAYS_SEARCH_USER_PATHS = NO;
				CLANG_ANALYZER_NONNULL = YES;
				CLANG_ANALYZER_NUMBER_OBJECT_CONVERSION = YES_AGGRESSIVE;
				CLANG_CXX_LANGUAGE_STANDARD = "gnu++20";
				CLANG_ENABLE_MODULES = YES;
				CLANG_ENABLE_OBJC_ARC = YES;
				CLANG_ENABLE_OBJC_WEAK = YES;
				CLANG_WARN_BLOCK_CAPTURE_AUTORELEASING = YES;
				CLANG_WARN_BOOL_CONVERSION = YES;
				CLANG_WARN_COMMA = YES;
				CLANG_WARN_CONSTANT_CONVERSION = YES;
				CLANG_WARN_DEPRECATED_OBJC_IMPLEMENTATIONS = YES;
				CLANG_WARN_DIRECT_OBJC_ISA_USAGE = YES_ERROR;
				CLANG_WARN_DOCUMENTATION_COMMENTS = YES;
				CLANG_WARN_EMPTY_BODY = YES;
				CLANG_WARN_ENUM_CONVERSION = YES;
				CLANG_WARN_INFINITE_RECURSION = YES;
				CLANG_WARN_INT_CONVERSION = YES;
				CLANG_WARN_NON_LITERAL_NULL_CONVERSION = YES;
				CLANG_WARN_OBJC_IMPLICIT_RETAIN_SELF = YES;
				CLANG_WARN_OBJC_LITERAL_CONVERSION = YES;
				CLANG_WARN_OBJC_ROOT_CLASS = YES_ERROR;
				CLANG_WARN_QUOTED_INCLUDE_IN_FRAMEWORK_HEADER = YES;
				CLANG_WARN_RANGE_LOOP_ANALYSIS = YES;
				CLANG_WARN_STRICT_PROTOTYPES = YES;
				CLANG_WARN_SUSPICIOUS_MOVE = YES;
				CLANG_WARN_UNGUARDED_AVAILABILITY = YES_AGGRESSIVE;
				CLANG_WARN_UNREACHABLE_CODE = YES;
				CLANG_WARN__DUPLICATE_METHOD_MATCH = YES;
				COPY_PHASE_STRIP = NO;
				DEBUG_INFORMATION_FORMAT = dwarf;
				ENABLE_STRICT_OBJC_MSGSEND = YES;
				ENABLE_TESTABILITY = YES;
				GCC_C_LANGUAGE_STANDARD = gnu11;
				GCC_DYNAMIC_NO_PIC = NO;
				GCC_NO_COMMON_BLOCKS = YES;
				GCC_OPTIMIZATION_LEVEL = 0;
				GCC_PREPROCESSOR_DEFINITIONS = (
					"DEBUG=1",
					"$(inherited)",
				);
				GCC_WARN_64_TO_32_BIT_CONVERSION = YES;
				GCC_WARN_ABOUT_RETURN_TYPE = YES_ERROR;
				GCC_WARN_UNDECLARED_SELECTOR = YES;
				GCC_WARN_UNINITIALIZED_AUTOS = YES_AGGRESSIVE;
				GCC_WARN_UNUSED_FUNCTION = YES;
				GCC_WARN_UNUSED_VARIABLE = YES;
				IPHONEOS_DEPLOYMENT_TARGET = 13.0;
				MTL_ENABLE_DEBUG_INFO = INCLUDE_SOURCE;
				MTL_FAST_MATH = YES;
				ONLY_ACTIVE_ARCH = YES;
				SDKROOT = iphoneos;
				SWIFT_ACTIVE_COMPILATION_CONDITIONS = DEBUG;
				SWIFT_OPTIMIZATION_LEVEL = "-Onone";
			};
			name = Debug;
		};
		ED2A00C02AA99CED004A346D /* Release */ = {
			isa = XCBuildConfiguration;
			buildSettings = {
				ALWAYS_SEARCH_USER_PATHS = NO;
				CLANG_ANALYZER_NONNULL = YES;
				CLANG_ANALYZER_NUMBER_OBJECT_CONVERSION = YES_AGGRESSIVE;
				CLANG_CXX_LANGUAGE_STANDARD = "gnu++20";
				CLANG_ENABLE_MODULES = YES;
				CLANG_ENABLE_OBJC_ARC = YES;
				CLANG_ENABLE_OBJC_WEAK = YES;
				CLANG_WARN_BLOCK_CAPTURE_AUTORELEASING = YES;
				CLANG_WARN_BOOL_CONVERSION = YES;
				CLANG_WARN_COMMA = YES;
				CLANG_WARN_CONSTANT_CONVERSION = YES;
				CLANG_WARN_DEPRECATED_OBJC_IMPLEMENTATIONS = YES;
				CLANG_WARN_DIRECT_OBJC_ISA_USAGE = YES_ERROR;
				CLANG_WARN_DOCUMENTATION_COMMENTS = YES;
				CLANG_WARN_EMPTY_BODY = YES;
				CLANG_WARN_ENUM_CONVERSION = YES;
				CLANG_WARN_INFINITE_RECURSION = YES;
				CLANG_WARN_INT_CONVERSION = YES;
				CLANG_WARN_NON_LITERAL_NULL_CONVERSION = YES;
				CLANG_WARN_OBJC_IMPLICIT_RETAIN_SELF = YES;
				CLANG_WARN_OBJC_LITERAL_CONVERSION = YES;
				CLANG_WARN_OBJC_ROOT_CLASS = YES_ERROR;
				CLANG_WARN_QUOTED_INCLUDE_IN_FRAMEWORK_HEADER = YES;
				CLANG_WARN_RANGE_LOOP_ANALYSIS = YES;
				CLANG_WARN_STRICT_PROTOTYPES = YES;
				CLANG_WARN_SUSPICIOUS_MOVE = YES;
				CLANG_WARN_UNGUARDED_AVAILABILITY = YES_AGGRESSIVE;
				CLANG_WARN_UNREACHABLE_CODE = YES;
				CLANG_WARN__DUPLICATE_METHOD_MATCH = YES;
				COPY_PHASE_STRIP = NO;
				DEBUG_INFORMATION_FORMAT = "dwarf-with-dsym";
				ENABLE_NS_ASSERTIONS = NO;
				ENABLE_STRICT_OBJC_MSGSEND = YES;
				GCC_C_LANGUAGE_STANDARD = gnu11;
				GCC_NO_COMMON_BLOCKS = YES;
				GCC_WARN_64_TO_32_BIT_CONVERSION = YES;
				GCC_WARN_ABOUT_RETURN_TYPE = YES_ERROR;
				GCC_WARN_UNDECLARED_SELECTOR = YES;
				GCC_WARN_UNINITIALIZED_AUTOS = YES_AGGRESSIVE;
				GCC_WARN_UNUSED_FUNCTION = YES;
				GCC_WARN_UNUSED_VARIABLE = YES;
				IPHONEOS_DEPLOYMENT_TARGET = 13.0;
				MTL_ENABLE_DEBUG_INFO = NO;
				MTL_FAST_MATH = YES;
				SDKROOT = iphoneos;
				SWIFT_COMPILATION_MODE = wholemodule;
				SWIFT_OPTIMIZATION_LEVEL = "-O";
				VALIDATE_PRODUCT = YES;
			};
			name = Release;
		};
		ED2A00C22AA99CED004A346D /* Debug */ = {
			isa = XCBuildConfiguration;
			buildSettings = {
				ASSETCATALOG_COMPILER_APPICON_NAME = AppIcon;
				ASSETCATALOG_COMPILER_GLOBAL_ACCENT_COLOR_NAME = AccentColor;
				CODE_SIGN_STYLE = Automatic;
				CURRENT_PROJECT_VERSION = 1;
				DEVELOPMENT_TEAM = 82J7RU93V4;
				GENERATE_INFOPLIST_FILE = YES;
				INFOPLIST_FILE = SeSACMarket/Resources/Info.plist;
				INFOPLIST_KEY_LSApplicationCategoryType = "public.app-category.shopping";
				INFOPLIST_KEY_UIApplicationSupportsIndirectInputEvents = YES;
				INFOPLIST_KEY_UILaunchStoryboardName = LaunchScreen;
				INFOPLIST_KEY_UISupportedInterfaceOrientations = UIInterfaceOrientationPortrait;
				INFOPLIST_KEY_UISupportedInterfaceOrientations_iPad = "UIInterfaceOrientationLandscapeLeft UIInterfaceOrientationLandscapeRight UIInterfaceOrientationPortrait UIInterfaceOrientationPortraitUpsideDown";
				LD_RUNPATH_SEARCH_PATHS = (
					"$(inherited)",
					"@executable_path/Frameworks",
				);
				MARKETING_VERSION = 1.0;
				PRODUCT_BUNDLE_IDENTIFIER = com.JongHoon.SeSACMarket;
				PRODUCT_NAME = "$(TARGET_NAME)";
				SUPPORTED_PLATFORMS = "iphoneos iphonesimulator";
				SUPPORTS_MACCATALYST = NO;
				SUPPORTS_MAC_DESIGNED_FOR_IPHONE_IPAD = NO;
				SWIFT_EMIT_LOC_STRINGS = YES;
				SWIFT_VERSION = 5.0;
				TARGETED_DEVICE_FAMILY = 1;
			};
			name = Debug;
		};
		ED2A00C32AA99CED004A346D /* Release */ = {
			isa = XCBuildConfiguration;
			buildSettings = {
				ASSETCATALOG_COMPILER_APPICON_NAME = AppIcon;
				ASSETCATALOG_COMPILER_GLOBAL_ACCENT_COLOR_NAME = AccentColor;
				CODE_SIGN_STYLE = Automatic;
				CURRENT_PROJECT_VERSION = 1;
				DEVELOPMENT_TEAM = 82J7RU93V4;
				GENERATE_INFOPLIST_FILE = YES;
				INFOPLIST_FILE = SeSACMarket/Resources/Info.plist;
				INFOPLIST_KEY_LSApplicationCategoryType = "public.app-category.shopping";
				INFOPLIST_KEY_UIApplicationSupportsIndirectInputEvents = YES;
				INFOPLIST_KEY_UILaunchStoryboardName = LaunchScreen;
				INFOPLIST_KEY_UISupportedInterfaceOrientations = UIInterfaceOrientationPortrait;
				INFOPLIST_KEY_UISupportedInterfaceOrientations_iPad = "UIInterfaceOrientationLandscapeLeft UIInterfaceOrientationLandscapeRight UIInterfaceOrientationPortrait UIInterfaceOrientationPortraitUpsideDown";
				LD_RUNPATH_SEARCH_PATHS = (
					"$(inherited)",
					"@executable_path/Frameworks",
				);
				MARKETING_VERSION = 1.0;
				PRODUCT_BUNDLE_IDENTIFIER = com.JongHoon.SeSACMarket;
				PRODUCT_NAME = "$(TARGET_NAME)";
				SUPPORTED_PLATFORMS = "iphoneos iphonesimulator";
				SUPPORTS_MACCATALYST = NO;
				SUPPORTS_MAC_DESIGNED_FOR_IPHONE_IPAD = NO;
				SWIFT_EMIT_LOC_STRINGS = YES;
				SWIFT_VERSION = 5.0;
				TARGETED_DEVICE_FAMILY = 1;
			};
			name = Release;
		};
/* End XCBuildConfiguration section */

/* Begin XCConfigurationList section */
		ED2A00A82AA99CEC004A346D /* Build configuration list for PBXProject "SeSACMarket" */ = {
			isa = XCConfigurationList;
			buildConfigurations = (
				ED2A00BF2AA99CED004A346D /* Debug */,
				ED2A00C02AA99CED004A346D /* Release */,
			);
			defaultConfigurationIsVisible = 0;
			defaultConfigurationName = Release;
		};
		ED2A00C12AA99CED004A346D /* Build configuration list for PBXNativeTarget "SeSACMarket" */ = {
			isa = XCConfigurationList;
			buildConfigurations = (
				ED2A00C22AA99CED004A346D /* Debug */,
				ED2A00C32AA99CED004A346D /* Release */,
			);
			defaultConfigurationIsVisible = 0;
			defaultConfigurationName = Release;
		};
/* End XCConfigurationList section */

/* Begin XCRemoteSwiftPackageReference section */
		ED2A00CA2AA9AD00004A346D /* XCRemoteSwiftPackageReference "realm-swift" */ = {
			isa = XCRemoteSwiftPackageReference;
			repositoryURL = "https://github.com/realm/realm-swift.git";
			requirement = {
				kind = exactVersion;
				version = 10.42.1;
			};
		};
		ED2A00CF2AA9AD4D004A346D /* XCRemoteSwiftPackageReference "SnapKit" */ = {
			isa = XCRemoteSwiftPackageReference;
			repositoryURL = "https://github.com/SnapKit/SnapKit.git";
			requirement = {
				kind = exactVersion;
				version = 5.6.0;
			};
		};
		ED2A00D22AA9AD6F004A346D /* XCRemoteSwiftPackageReference "RxSwift" */ = {
			isa = XCRemoteSwiftPackageReference;
			repositoryURL = "https://github.com/ReactiveX/RxSwift.git";
			requirement = {
				kind = exactVersion;
				version = 6.6.0;
			};
		};
/* End XCRemoteSwiftPackageReference section */

/* Begin XCSwiftPackageProductDependency section */
		ED2A00CB2AA9AD00004A346D /* Realm */ = {
			isa = XCSwiftPackageProductDependency;
			package = ED2A00CA2AA9AD00004A346D /* XCRemoteSwiftPackageReference "realm-swift" */;
			productName = Realm;
		};
		ED2A00CD2AA9AD00004A346D /* RealmSwift */ = {
			isa = XCSwiftPackageProductDependency;
			package = ED2A00CA2AA9AD00004A346D /* XCRemoteSwiftPackageReference "realm-swift" */;
			productName = RealmSwift;
		};
		ED2A00D02AA9AD4D004A346D /* SnapKit */ = {
			isa = XCSwiftPackageProductDependency;
			package = ED2A00CF2AA9AD4D004A346D /* XCRemoteSwiftPackageReference "SnapKit" */;
			productName = SnapKit;
		};
		ED2A00D32AA9AD6F004A346D /* RxCocoa */ = {
			isa = XCSwiftPackageProductDependency;
			package = ED2A00D22AA9AD6F004A346D /* XCRemoteSwiftPackageReference "RxSwift" */;
			productName = RxCocoa;
		};
		ED2A00D52AA9AD6F004A346D /* RxRelay */ = {
			isa = XCSwiftPackageProductDependency;
			package = ED2A00D22AA9AD6F004A346D /* XCRemoteSwiftPackageReference "RxSwift" */;
			productName = RxRelay;
		};
		ED2A00D72AA9AD6F004A346D /* RxSwift */ = {
			isa = XCSwiftPackageProductDependency;
			package = ED2A00D22AA9AD6F004A346D /* XCRemoteSwiftPackageReference "RxSwift" */;
			productName = RxSwift;
		};
/* End XCSwiftPackageProductDependency section */
	};
	rootObject = ED2A00A52AA99CEC004A346D /* Project object */;
}
