// !$*UTF8*$!
{
	archiveVersion = 1;
	classes = {
	};
	objectVersion = 56;
	objects = {

/* Begin PBXBuildFile section */
		ED2A00B12AA99CEC004A346D /* AppDelegate.swift in Sources */ = {isa = PBXBuildFile; fileRef = ED2A00B02AA99CEC004A346D /* AppDelegate.swift */; };
		ED2A00B32AA99CEC004A346D /* SceneDelegate.swift in Sources */ = {isa = PBXBuildFile; fileRef = ED2A00B22AA99CEC004A346D /* SceneDelegate.swift */; };
		ED2A00BA2AA99CED004A346D /* Assets.xcassets in Resources */ = {isa = PBXBuildFile; fileRef = ED2A00B92AA99CED004A346D /* Assets.xcassets */; };
		ED2A00BD2AA99CED004A346D /* LaunchScreen.storyboard in Resources */ = {isa = PBXBuildFile; fileRef = ED2A00BB2AA99CED004A346D /* LaunchScreen.storyboard */; };
		ED2A00CC2AA9AD00004A346D /* Realm in Frameworks */ = {isa = PBXBuildFile; productRef = ED2A00CB2AA9AD00004A346D /* Realm */; };
		ED2A00CE2AA9AD00004A346D /* RealmSwift in Frameworks */ = {isa = PBXBuildFile; productRef = ED2A00CD2AA9AD00004A346D /* RealmSwift */; };
		ED2A00D12AA9AD4D004A346D /* SnapKit in Frameworks */ = {isa = PBXBuildFile; productRef = ED2A00D02AA9AD4D004A346D /* SnapKit */; };
		ED2A00D42AA9AD6F004A346D /* RxCocoa in Frameworks */ = {isa = PBXBuildFile; productRef = ED2A00D32AA9AD6F004A346D /* RxCocoa */; };
		ED2A00D62AA9AD6F004A346D /* RxRelay in Frameworks */ = {isa = PBXBuildFile; productRef = ED2A00D52AA9AD6F004A346D /* RxRelay */; };
		ED2A00D82AA9AD6F004A346D /* RxSwift in Frameworks */ = {isa = PBXBuildFile; productRef = ED2A00D72AA9AD6F004A346D /* RxSwift */; };
		ED2A00DB2AA9AE60004A346D /* AppDIContainer.swift in Sources */ = {isa = PBXBuildFile; fileRef = ED2A00DA2AA9AE60004A346D /* AppDIContainer.swift */; };
		ED2A00DD2AA9AE94004A346D /* AuthSceneDIContainer.swift in Sources */ = {isa = PBXBuildFile; fileRef = ED2A00DC2AA9AE94004A346D /* AuthSceneDIContainer.swift */; };
		ED2A00E12AA9AF08004A346D /* AuthCoordinator.swift in Sources */ = {isa = PBXBuildFile; fileRef = ED2A00E02AA9AF08004A346D /* AuthCoordinator.swift */; };
		ED2A00E52AA9AF3D004A346D /* LoginViewController.swift in Sources */ = {isa = PBXBuildFile; fileRef = ED2A00E42AA9AF3D004A346D /* LoginViewController.swift */; };
		ED2A00E82AA9AF85004A346D /* BaseViewController.swift in Sources */ = {isa = PBXBuildFile; fileRef = ED2A00E72AA9AF85004A346D /* BaseViewController.swift */; };
		ED2A00EA2AA9B267004A346D /* CoordinatorProtocol.swift in Sources */ = {isa = PBXBuildFile; fileRef = ED2A00E92AA9B267004A346D /* CoordinatorProtocol.swift */; };
		ED2A00EC2AA9B419004A346D /* .gitignore in Resources */ = {isa = PBXBuildFile; fileRef = ED2A00EB2AA9B419004A346D /* .gitignore */; };
		ED2A00EF2AA9B765004A346D /* AppFlowCoordinator.swift in Sources */ = {isa = PBXBuildFile; fileRef = ED2A00EE2AA9B765004A346D /* AppFlowCoordinator.swift */; };
		ED2A00F52AA9B848004A346D /* UserDefaultsKey.swift in Sources */ = {isa = PBXBuildFile; fileRef = ED2A00F42AA9B848004A346D /* UserDefaultsKey.swift */; };
		ED2A00F72AA9BBE1004A346D /* TabBarSceneDIContainer.swift in Sources */ = {isa = PBXBuildFile; fileRef = ED2A00F62AA9BBE1004A346D /* TabBarSceneDIContainer.swift */; };
		ED2A00FB2AA9BCB4004A346D /* SearchCoordinator.swift in Sources */ = {isa = PBXBuildFile; fileRef = ED2A00FA2AA9BCB4004A346D /* SearchCoordinator.swift */; };
		ED2A00FF2AA9BD3E004A346D /* SearchViewController.swift in Sources */ = {isa = PBXBuildFile; fileRef = ED2A00FE2AA9BD3E004A346D /* SearchViewController.swift */; };
		ED2A01022AA9BDD6004A346D /* TabBarCoordinator.swift in Sources */ = {isa = PBXBuildFile; fileRef = ED2A01012AA9BDD6004A346D /* TabBarCoordinator.swift */; };
		ED2A01052AA9BE78004A346D /* SearchSceneDIContainer.swift in Sources */ = {isa = PBXBuildFile; fileRef = ED2A01042AA9BE78004A346D /* SearchSceneDIContainer.swift */; };
		ED2A010A2AA9C296004A346D /* ImageEnum.swift in Sources */ = {isa = PBXBuildFile; fileRef = ED2A01092AA9C296004A346D /* ImageEnum.swift */; };
		ED2A010C2AA9C394004A346D /* TabBarEnum.swift in Sources */ = {isa = PBXBuildFile; fileRef = ED2A010B2AA9C394004A346D /* TabBarEnum.swift */; };
		ED2A010F2AA9D91C004A346D /* CoordinatorType.swift in Sources */ = {isa = PBXBuildFile; fileRef = ED2A010E2AA9D91C004A346D /* CoordinatorType.swift */; };
		ED2A01122AA9E552004A346D /* UIColor+Extension.swift in Sources */ = {isa = PBXBuildFile; fileRef = ED2A01112AA9E552004A346D /* UIColor+Extension.swift */; };
		ED2A01142AA9F08D004A346D /* DefaultSearchBar.swift in Sources */ = {isa = PBXBuildFile; fileRef = ED2A01132AA9F08D004A346D /* DefaultSearchBar.swift */; };
		ED2A011C2AA9F30A004A346D /* APIKey.swift in Sources */ = {isa = PBXBuildFile; fileRef = ED2A011B2AA9F30A004A346D /* APIKey.swift */; };
		ED2A011E2AA9F575004A346D /* Endpoint.swift in Sources */ = {isa = PBXBuildFile; fileRef = ED2A011D2AA9F575004A346D /* Endpoint.swift */; };
		ED2A01282AAADE37004A346D /* Product.swift in Sources */ = {isa = PBXBuildFile; fileRef = ED2A01272AAADE37004A346D /* Product.swift */; };
		ED2A012A2AAAE276004A346D /* ProductRemoteRepository.swift in Sources */ = {isa = PBXBuildFile; fileRef = ED2A01292AAAE276004A346D /* ProductRemoteRepository.swift */; };
		ED2A012D2AAAE28D004A346D /* ProductLocalRepository.swift in Sources */ = {isa = PBXBuildFile; fileRef = ED2A012C2AAAE28D004A346D /* ProductLocalRepository.swift */; };
		ED2A012F2AAAE5E0004A346D /* ProductRemoteFetchUseCase.swift in Sources */ = {isa = PBXBuildFile; fileRef = ED2A012E2AAAE5E0004A346D /* ProductRemoteFetchUseCase.swift */; };
		ED2A01312AAAEBAF004A346D /* ProductLocalFetchUseCase.swift in Sources */ = {isa = PBXBuildFile; fileRef = ED2A01302AAAEBAF004A346D /* ProductLocalFetchUseCase.swift */; };
		ED2A01332AAAF0E7004A346D /* ButtonStyle1.swift in Sources */ = {isa = PBXBuildFile; fileRef = ED2A01322AAAF0E7004A346D /* ButtonStyle1.swift */; };
		ED2A01352AAAF20A004A346D /* ProductsCollectionView.swift in Sources */ = {isa = PBXBuildFile; fileRef = ED2A01342AAAF20A004A346D /* ProductsCollectionView.swift */; };
		ED2A01372AAAF21E004A346D /* ProductCollectionViewCell.swift in Sources */ = {isa = PBXBuildFile; fileRef = ED2A01362AAAF21E004A346D /* ProductCollectionViewCell.swift */; };
		ED2A01392AAAF276004A346D /* BaseCollectionViewCell.swift in Sources */ = {isa = PBXBuildFile; fileRef = ED2A01382AAAF276004A346D /* BaseCollectionViewCell.swift */; };
		ED2A01412AAAF4ED004A346D /* UIFont+Extension.swift in Sources */ = {isa = PBXBuildFile; fileRef = ED2A01402AAAF4ED004A346D /* UIFont+Extension.swift */; };
		ED2A01442AAAFA87004A346D /* ReusableProtocol.swift in Sources */ = {isa = PBXBuildFile; fileRef = ED2A01432AAAFA87004A346D /* ReusableProtocol.swift */; };
		ED2A01492AAAFE49004A346D /* HTTPMethod.swift in Sources */ = {isa = PBXBuildFile; fileRef = ED2A01482AAAFE49004A346D /* HTTPMethod.swift */; };
		ED2A014B2AAAFEBA004A346D /* HTTPHeader.swift in Sources */ = {isa = PBXBuildFile; fileRef = ED2A014A2AAAFEBA004A346D /* HTTPHeader.swift */; };
		ED2A014D2AAAFF8E004A346D /* URLRequest+Extension.swift in Sources */ = {isa = PBXBuildFile; fileRef = ED2A014C2AAAFF8E004A346D /* URLRequest+Extension.swift */; };
		ED2A014F2AAAFFE0004A346D /* APIError.swift in Sources */ = {isa = PBXBuildFile; fileRef = ED2A014E2AAAFFE0004A346D /* APIError.swift */; };
		ED2A01512AAB005A004A346D /* ProductAPI.swift in Sources */ = {isa = PBXBuildFile; fileRef = ED2A01502AAB005A004A346D /* ProductAPI.swift */; };
		ED2A01532AAB006D004A346D /* APIProtocol.swift in Sources */ = {isa = PBXBuildFile; fileRef = ED2A01522AAB006D004A346D /* APIProtocol.swift */; };
		ED2A01552AAB0326004A346D /* SortEnum.swift in Sources */ = {isa = PBXBuildFile; fileRef = ED2A01542AAB0326004A346D /* SortEnum.swift */; };
		ED2A015A2AAB37B2004A346D /* DefaultProductRemoteRepository.swift in Sources */ = {isa = PBXBuildFile; fileRef = ED2A01592AAB37B2004A346D /* DefaultProductRemoteRepository.swift */; };
		ED4DAC972AAD8C420095CD77 /* LikeButton.swift in Sources */ = {isa = PBXBuildFile; fileRef = ED4DAC962AAD8C420095CD77 /* LikeButton.swift */; };
		ED4DAC992AAD8F0E0095CD77 /* DefaultProductLocalRepository.swift in Sources */ = {isa = PBXBuildFile; fileRef = ED4DAC982AAD8F0E0095CD77 /* DefaultProductLocalRepository.swift */; };
		ED4DAC9C2AAD90130095CD77 /* ProductTable+Mapping.swift in Sources */ = {isa = PBXBuildFile; fileRef = ED4DAC9B2AAD90130095CD77 /* ProductTable+Mapping.swift */; };
		ED4DAC9F2AAD91AA0095CD77 /* ProdcutDTO+Mapping.swift in Sources */ = {isa = PBXBuildFile; fileRef = ED4DAC9E2AAD91AA0095CD77 /* ProdcutDTO+Mapping.swift */; };
		ED4DACA12AAD92110095CD77 /* Int+Extension.swift in Sources */ = {isa = PBXBuildFile; fileRef = ED4DACA02AAD92110095CD77 /* Int+Extension.swift */; };
		ED4DACA72AADEE2E0095CD77 /* FavoriteViewController.swift in Sources */ = {isa = PBXBuildFile; fileRef = ED4DACA62AADEE2E0095CD77 /* FavoriteViewController.swift */; };
		ED4DACA92AADEE360095CD77 /* FavoriteViewModel.swift in Sources */ = {isa = PBXBuildFile; fileRef = ED4DACA82AADEE360095CD77 /* FavoriteViewModel.swift */; };
		ED4DACAB2AADEE4E0095CD77 /* FavoriteCoordinator.swift in Sources */ = {isa = PBXBuildFile; fileRef = ED4DACAA2AADEE4E0095CD77 /* FavoriteCoordinator.swift */; };
		ED4DACAD2AADF1E50095CD77 /* FavoriteSceneDIContainer.swift in Sources */ = {isa = PBXBuildFile; fileRef = ED4DACAC2AADF1E50095CD77 /* FavoriteSceneDIContainer.swift */; };
		ED4DACAF2AADFC070095CD77 /* ProductCollectionViewCellViewModel.swift in Sources */ = {isa = PBXBuildFile; fileRef = ED4DACAE2AADFC070095CD77 /* ProductCollectionViewCellViewModel.swift */; };
		ED4DACB12AAE12F40095CD77 /* ViewModelProtocol.swift in Sources */ = {isa = PBXBuildFile; fileRef = ED4DACB02AAE12F40095CD77 /* ViewModelProtocol.swift */; };
		ED4DACB32AAE250F0095CD77 /* Reactive+Extension.swift in Sources */ = {isa = PBXBuildFile; fileRef = ED4DACB22AAE250F0095CD77 /* Reactive+Extension.swift */; };
		ED4DACBB2AAE949A0095CD77 /* DetailViewModel.swift in Sources */ = {isa = PBXBuildFile; fileRef = ED4DACBA2AAE949A0095CD77 /* DetailViewModel.swift */; };
		ED4DACBD2AAE94E10095CD77 /* DetailViewController.swift in Sources */ = {isa = PBXBuildFile; fileRef = ED4DACBC2AAE94E10095CD77 /* DetailViewController.swift */; };
		ED4DACFD2AAEF5560095CD77 /* NSNotificationName+Extension.swift in Sources */ = {isa = PBXBuildFile; fileRef = ED4DACFC2AAEF5560095CD77 /* NSNotificationName+Extension.swift */; };
		ED5100232AAC3D1100BB305F /* APIDataTransferService.swift in Sources */ = {isa = PBXBuildFile; fileRef = ED5100222AAC3D1100BB305F /* APIDataTransferService.swift */; };
		ED59167E2AB327170033F3CC /* LikeUseCase.swift in Sources */ = {isa = PBXBuildFile; fileRef = ED59167D2AB327170033F3CC /* LikeUseCase.swift */; };
		ED6E201C2AB07F62008D34F2 /* SettingViewModel.swift in Sources */ = {isa = PBXBuildFile; fileRef = ED6E201B2AB07F62008D34F2 /* SettingViewModel.swift */; };
		ED6E201E2AB07FC5008D34F2 /* SettingViewController.swift in Sources */ = {isa = PBXBuildFile; fileRef = ED6E201D2AB07FC5008D34F2 /* SettingViewController.swift */; };
		ED6E20202AB080E2008D34F2 /* SettingCoordinator.swift in Sources */ = {isa = PBXBuildFile; fileRef = ED6E201F2AB080E2008D34F2 /* SettingCoordinator.swift */; };
		ED6E20222AB082D5008D34F2 /* SettingSceneDIContainer.swift in Sources */ = {isa = PBXBuildFile; fileRef = ED6E20212AB082D5008D34F2 /* SettingSceneDIContainer.swift */; };
		ED6E202A2AB08A51008D34F2 /* LogoutViewModel.swift in Sources */ = {isa = PBXBuildFile; fileRef = ED6E20292AB08A51008D34F2 /* LogoutViewModel.swift */; };
		ED6E202C2AB08A8D008D34F2 /* LogoutViewController.swift in Sources */ = {isa = PBXBuildFile; fileRef = ED6E202B2AB08A8D008D34F2 /* LogoutViewController.swift */; };
		ED6E20312AB09D4E008D34F2 /* LoginViewModel.swift in Sources */ = {isa = PBXBuildFile; fileRef = ED6E20302AB09D4E008D34F2 /* LoginViewModel.swift */; };
		ED8192012AC018F000C7C830 /* CoordinatorFinishDelegate.swift in Sources */ = {isa = PBXBuildFile; fileRef = ED8192002AC018F000C7C830 /* CoordinatorFinishDelegate.swift */; };
		ED8192032AC0192300C7C830 /* ChangeRootableProtocol.swift in Sources */ = {isa = PBXBuildFile; fileRef = ED8192022AC0192300C7C830 /* ChangeRootableProtocol.swift */; };
		ED9FBD682AAC6ADB00B63CC5 /* SearchViewModel.swift in Sources */ = {isa = PBXBuildFile; fileRef = ED9FBD672AAC6ADB00B63CC5 /* SearchViewModel.swift */; };
		ED9FBD6A2AAC7D2C00B63CC5 /* Constant.swift in Sources */ = {isa = PBXBuildFile; fileRef = ED9FBD692AAC7D2C00B63CC5 /* Constant.swift */; };
		ED9FBD6D2AACA74900B63CC5 /* String+Extension.swift in Sources */ = {isa = PBXBuildFile; fileRef = ED9FBD6C2AACA74900B63CC5 /* String+Extension.swift */; };
		ED9FBD702AACAEC700B63CC5 /* Kingfisher in Frameworks */ = {isa = PBXBuildFile; productRef = ED9FBD6F2AACAEC700B63CC5 /* Kingfisher */; };
		ED9FBD722AACB46F00B63CC5 /* SortCollectionView.swift in Sources */ = {isa = PBXBuildFile; fileRef = ED9FBD712AACB46F00B63CC5 /* SortCollectionView.swift */; };
		ED9FBD742AACB69F00B63CC5 /* SortCollectionViewCell.swift in Sources */ = {isa = PBXBuildFile; fileRef = ED9FBD732AACB69F00B63CC5 /* SortCollectionViewCell.swift */; };
		EDDABCAC2AB4179B0003AAAC /* DetailCoordinator.swift in Sources */ = {isa = PBXBuildFile; fileRef = EDDABCAB2AB4179B0003AAAC /* DetailCoordinator.swift */; };
		EDDABCAE2AB4181E0003AAAC /* DetailSceneDIContainer.swift in Sources */ = {isa = PBXBuildFile; fileRef = EDDABCAD2AB4181E0003AAAC /* DetailSceneDIContainer.swift */; };
/* End PBXBuildFile section */

/* Begin PBXFileReference section */
		ED2A00AD2AA99CEC004A346D /* SeSACMarket.app */ = {isa = PBXFileReference; explicitFileType = wrapper.application; includeInIndex = 0; path = SeSACMarket.app; sourceTree = BUILT_PRODUCTS_DIR; };
		ED2A00B02AA99CEC004A346D /* AppDelegate.swift */ = {isa = PBXFileReference; lastKnownFileType = sourcecode.swift; path = AppDelegate.swift; sourceTree = "<group>"; };
		ED2A00B22AA99CEC004A346D /* SceneDelegate.swift */ = {isa = PBXFileReference; lastKnownFileType = sourcecode.swift; path = SceneDelegate.swift; sourceTree = "<group>"; };
		ED2A00B92AA99CED004A346D /* Assets.xcassets */ = {isa = PBXFileReference; lastKnownFileType = folder.assetcatalog; path = Assets.xcassets; sourceTree = "<group>"; };
		ED2A00BC2AA99CED004A346D /* Base */ = {isa = PBXFileReference; lastKnownFileType = file.storyboard; name = Base; path = Base.lproj/LaunchScreen.storyboard; sourceTree = "<group>"; };
		ED2A00BE2AA99CED004A346D /* Info.plist */ = {isa = PBXFileReference; lastKnownFileType = text.plist.xml; path = Info.plist; sourceTree = "<group>"; };
		ED2A00DA2AA9AE60004A346D /* AppDIContainer.swift */ = {isa = PBXFileReference; lastKnownFileType = sourcecode.swift; path = AppDIContainer.swift; sourceTree = "<group>"; };
		ED2A00DC2AA9AE94004A346D /* AuthSceneDIContainer.swift */ = {isa = PBXFileReference; lastKnownFileType = sourcecode.swift; path = AuthSceneDIContainer.swift; sourceTree = "<group>"; };
		ED2A00E02AA9AF08004A346D /* AuthCoordinator.swift */ = {isa = PBXFileReference; lastKnownFileType = sourcecode.swift; path = AuthCoordinator.swift; sourceTree = "<group>"; };
		ED2A00E42AA9AF3D004A346D /* LoginViewController.swift */ = {isa = PBXFileReference; lastKnownFileType = sourcecode.swift; path = LoginViewController.swift; sourceTree = "<group>"; };
		ED2A00E72AA9AF85004A346D /* BaseViewController.swift */ = {isa = PBXFileReference; lastKnownFileType = sourcecode.swift; path = BaseViewController.swift; sourceTree = "<group>"; };
		ED2A00E92AA9B267004A346D /* CoordinatorProtocol.swift */ = {isa = PBXFileReference; lastKnownFileType = sourcecode.swift; path = CoordinatorProtocol.swift; sourceTree = "<group>"; };
		ED2A00EB2AA9B419004A346D /* .gitignore */ = {isa = PBXFileReference; lastKnownFileType = text; path = .gitignore; sourceTree = "<group>"; };
		ED2A00ED2AA9B437004A346D /* TODO.md */ = {isa = PBXFileReference; lastKnownFileType = net.daringfireball.markdown; path = TODO.md; sourceTree = "<group>"; };
		ED2A00EE2AA9B765004A346D /* AppFlowCoordinator.swift */ = {isa = PBXFileReference; lastKnownFileType = sourcecode.swift; path = AppFlowCoordinator.swift; sourceTree = "<group>"; };
		ED2A00F42AA9B848004A346D /* UserDefaultsKey.swift */ = {isa = PBXFileReference; lastKnownFileType = sourcecode.swift; path = UserDefaultsKey.swift; sourceTree = "<group>"; };
		ED2A00F62AA9BBE1004A346D /* TabBarSceneDIContainer.swift */ = {isa = PBXFileReference; lastKnownFileType = sourcecode.swift; path = TabBarSceneDIContainer.swift; sourceTree = "<group>"; };
		ED2A00FA2AA9BCB4004A346D /* SearchCoordinator.swift */ = {isa = PBXFileReference; lastKnownFileType = sourcecode.swift; path = SearchCoordinator.swift; sourceTree = "<group>"; };
		ED2A00FE2AA9BD3E004A346D /* SearchViewController.swift */ = {isa = PBXFileReference; lastKnownFileType = sourcecode.swift; path = SearchViewController.swift; sourceTree = "<group>"; };
		ED2A01012AA9BDD6004A346D /* TabBarCoordinator.swift */ = {isa = PBXFileReference; lastKnownFileType = sourcecode.swift; path = TabBarCoordinator.swift; sourceTree = "<group>"; };
		ED2A01042AA9BE78004A346D /* SearchSceneDIContainer.swift */ = {isa = PBXFileReference; lastKnownFileType = sourcecode.swift; path = SearchSceneDIContainer.swift; sourceTree = "<group>"; };
		ED2A01092AA9C296004A346D /* ImageEnum.swift */ = {isa = PBXFileReference; lastKnownFileType = sourcecode.swift; path = ImageEnum.swift; sourceTree = "<group>"; };
		ED2A010B2AA9C394004A346D /* TabBarEnum.swift */ = {isa = PBXFileReference; lastKnownFileType = sourcecode.swift; path = TabBarEnum.swift; sourceTree = "<group>"; };
		ED2A010E2AA9D91C004A346D /* CoordinatorType.swift */ = {isa = PBXFileReference; lastKnownFileType = sourcecode.swift; path = CoordinatorType.swift; sourceTree = "<group>"; };
		ED2A01112AA9E552004A346D /* UIColor+Extension.swift */ = {isa = PBXFileReference; lastKnownFileType = sourcecode.swift; path = "UIColor+Extension.swift"; sourceTree = "<group>"; };
		ED2A01132AA9F08D004A346D /* DefaultSearchBar.swift */ = {isa = PBXFileReference; lastKnownFileType = sourcecode.swift; path = DefaultSearchBar.swift; sourceTree = "<group>"; };
		ED2A011B2AA9F30A004A346D /* APIKey.swift */ = {isa = PBXFileReference; lastKnownFileType = sourcecode.swift; path = APIKey.swift; sourceTree = "<group>"; };
		ED2A011D2AA9F575004A346D /* Endpoint.swift */ = {isa = PBXFileReference; lastKnownFileType = sourcecode.swift; path = Endpoint.swift; sourceTree = "<group>"; };
		ED2A01272AAADE37004A346D /* Product.swift */ = {isa = PBXFileReference; lastKnownFileType = sourcecode.swift; path = Product.swift; sourceTree = "<group>"; };
		ED2A01292AAAE276004A346D /* ProductRemoteRepository.swift */ = {isa = PBXFileReference; lastKnownFileType = sourcecode.swift; path = ProductRemoteRepository.swift; sourceTree = "<group>"; };
		ED2A012C2AAAE28D004A346D /* ProductLocalRepository.swift */ = {isa = PBXFileReference; lastKnownFileType = sourcecode.swift; path = ProductLocalRepository.swift; sourceTree = "<group>"; };
		ED2A012E2AAAE5E0004A346D /* ProductRemoteFetchUseCase.swift */ = {isa = PBXFileReference; lastKnownFileType = sourcecode.swift; path = ProductRemoteFetchUseCase.swift; sourceTree = "<group>"; };
		ED2A01302AAAEBAF004A346D /* ProductLocalFetchUseCase.swift */ = {isa = PBXFileReference; lastKnownFileType = sourcecode.swift; path = ProductLocalFetchUseCase.swift; sourceTree = "<group>"; };
		ED2A01322AAAF0E7004A346D /* ButtonStyle1.swift */ = {isa = PBXFileReference; lastKnownFileType = sourcecode.swift; path = ButtonStyle1.swift; sourceTree = "<group>"; };
		ED2A01342AAAF20A004A346D /* ProductsCollectionView.swift */ = {isa = PBXFileReference; lastKnownFileType = sourcecode.swift; path = ProductsCollectionView.swift; sourceTree = "<group>"; };
		ED2A01362AAAF21E004A346D /* ProductCollectionViewCell.swift */ = {isa = PBXFileReference; lastKnownFileType = sourcecode.swift; path = ProductCollectionViewCell.swift; sourceTree = "<group>"; };
		ED2A01382AAAF276004A346D /* BaseCollectionViewCell.swift */ = {isa = PBXFileReference; lastKnownFileType = sourcecode.swift; path = BaseCollectionViewCell.swift; sourceTree = "<group>"; };
		ED2A01402AAAF4ED004A346D /* UIFont+Extension.swift */ = {isa = PBXFileReference; lastKnownFileType = sourcecode.swift; path = "UIFont+Extension.swift"; sourceTree = "<group>"; };
		ED2A01432AAAFA87004A346D /* ReusableProtocol.swift */ = {isa = PBXFileReference; lastKnownFileType = sourcecode.swift; path = ReusableProtocol.swift; sourceTree = "<group>"; };
		ED2A01482AAAFE49004A346D /* HTTPMethod.swift */ = {isa = PBXFileReference; lastKnownFileType = sourcecode.swift; path = HTTPMethod.swift; sourceTree = "<group>"; };
		ED2A014A2AAAFEBA004A346D /* HTTPHeader.swift */ = {isa = PBXFileReference; lastKnownFileType = sourcecode.swift; path = HTTPHeader.swift; sourceTree = "<group>"; };
		ED2A014C2AAAFF8E004A346D /* URLRequest+Extension.swift */ = {isa = PBXFileReference; lastKnownFileType = sourcecode.swift; path = "URLRequest+Extension.swift"; sourceTree = "<group>"; };
		ED2A014E2AAAFFE0004A346D /* APIError.swift */ = {isa = PBXFileReference; lastKnownFileType = sourcecode.swift; path = APIError.swift; sourceTree = "<group>"; };
		ED2A01502AAB005A004A346D /* ProductAPI.swift */ = {isa = PBXFileReference; lastKnownFileType = sourcecode.swift; path = ProductAPI.swift; sourceTree = "<group>"; };
		ED2A01522AAB006D004A346D /* APIProtocol.swift */ = {isa = PBXFileReference; lastKnownFileType = sourcecode.swift; path = APIProtocol.swift; sourceTree = "<group>"; };
		ED2A01542AAB0326004A346D /* SortEnum.swift */ = {isa = PBXFileReference; lastKnownFileType = sourcecode.swift; path = SortEnum.swift; sourceTree = "<group>"; };
		ED2A01592AAB37B2004A346D /* DefaultProductRemoteRepository.swift */ = {isa = PBXFileReference; lastKnownFileType = sourcecode.swift; path = DefaultProductRemoteRepository.swift; sourceTree = "<group>"; };
		ED4DAC962AAD8C420095CD77 /* LikeButton.swift */ = {isa = PBXFileReference; lastKnownFileType = sourcecode.swift; path = LikeButton.swift; sourceTree = "<group>"; };
		ED4DAC982AAD8F0E0095CD77 /* DefaultProductLocalRepository.swift */ = {isa = PBXFileReference; lastKnownFileType = sourcecode.swift; path = DefaultProductLocalRepository.swift; sourceTree = "<group>"; };
		ED4DAC9B2AAD90130095CD77 /* ProductTable+Mapping.swift */ = {isa = PBXFileReference; lastKnownFileType = sourcecode.swift; path = "ProductTable+Mapping.swift"; sourceTree = "<group>"; };
		ED4DAC9E2AAD91AA0095CD77 /* ProdcutDTO+Mapping.swift */ = {isa = PBXFileReference; lastKnownFileType = sourcecode.swift; path = "ProdcutDTO+Mapping.swift"; sourceTree = "<group>"; };
		ED4DACA02AAD92110095CD77 /* Int+Extension.swift */ = {isa = PBXFileReference; lastKnownFileType = sourcecode.swift; path = "Int+Extension.swift"; sourceTree = "<group>"; };
		ED4DACA62AADEE2E0095CD77 /* FavoriteViewController.swift */ = {isa = PBXFileReference; lastKnownFileType = sourcecode.swift; path = FavoriteViewController.swift; sourceTree = "<group>"; };
		ED4DACA82AADEE360095CD77 /* FavoriteViewModel.swift */ = {isa = PBXFileReference; lastKnownFileType = sourcecode.swift; path = FavoriteViewModel.swift; sourceTree = "<group>"; };
		ED4DACAA2AADEE4E0095CD77 /* FavoriteCoordinator.swift */ = {isa = PBXFileReference; lastKnownFileType = sourcecode.swift; path = FavoriteCoordinator.swift; sourceTree = "<group>"; };
		ED4DACAC2AADF1E50095CD77 /* FavoriteSceneDIContainer.swift */ = {isa = PBXFileReference; lastKnownFileType = sourcecode.swift; path = FavoriteSceneDIContainer.swift; sourceTree = "<group>"; };
		ED4DACAE2AADFC070095CD77 /* ProductCollectionViewCellViewModel.swift */ = {isa = PBXFileReference; lastKnownFileType = sourcecode.swift; path = ProductCollectionViewCellViewModel.swift; sourceTree = "<group>"; };
		ED4DACB02AAE12F40095CD77 /* ViewModelProtocol.swift */ = {isa = PBXFileReference; lastKnownFileType = sourcecode.swift; path = ViewModelProtocol.swift; sourceTree = "<group>"; };
		ED4DACB22AAE250F0095CD77 /* Reactive+Extension.swift */ = {isa = PBXFileReference; lastKnownFileType = sourcecode.swift; path = "Reactive+Extension.swift"; sourceTree = "<group>"; };
		ED4DACBA2AAE949A0095CD77 /* DetailViewModel.swift */ = {isa = PBXFileReference; lastKnownFileType = sourcecode.swift; path = DetailViewModel.swift; sourceTree = "<group>"; };
		ED4DACBC2AAE94E10095CD77 /* DetailViewController.swift */ = {isa = PBXFileReference; lastKnownFileType = sourcecode.swift; path = DetailViewController.swift; sourceTree = "<group>"; };
		ED4DACFC2AAEF5560095CD77 /* NSNotificationName+Extension.swift */ = {isa = PBXFileReference; lastKnownFileType = sourcecode.swift; path = "NSNotificationName+Extension.swift"; sourceTree = "<group>"; };
		ED5100222AAC3D1100BB305F /* APIDataTransferService.swift */ = {isa = PBXFileReference; lastKnownFileType = sourcecode.swift; path = APIDataTransferService.swift; sourceTree = "<group>"; };
		ED59167D2AB327170033F3CC /* LikeUseCase.swift */ = {isa = PBXFileReference; lastKnownFileType = sourcecode.swift; path = LikeUseCase.swift; sourceTree = "<group>"; };
		ED6E201B2AB07F62008D34F2 /* SettingViewModel.swift */ = {isa = PBXFileReference; lastKnownFileType = sourcecode.swift; path = SettingViewModel.swift; sourceTree = "<group>"; };
		ED6E201D2AB07FC5008D34F2 /* SettingViewController.swift */ = {isa = PBXFileReference; lastKnownFileType = sourcecode.swift; path = SettingViewController.swift; sourceTree = "<group>"; };
		ED6E201F2AB080E2008D34F2 /* SettingCoordinator.swift */ = {isa = PBXFileReference; lastKnownFileType = sourcecode.swift; path = SettingCoordinator.swift; sourceTree = "<group>"; };
		ED6E20212AB082D5008D34F2 /* SettingSceneDIContainer.swift */ = {isa = PBXFileReference; lastKnownFileType = sourcecode.swift; path = SettingSceneDIContainer.swift; sourceTree = "<group>"; };
		ED6E20292AB08A51008D34F2 /* LogoutViewModel.swift */ = {isa = PBXFileReference; lastKnownFileType = sourcecode.swift; path = LogoutViewModel.swift; sourceTree = "<group>"; };
		ED6E202B2AB08A8D008D34F2 /* LogoutViewController.swift */ = {isa = PBXFileReference; lastKnownFileType = sourcecode.swift; path = LogoutViewController.swift; sourceTree = "<group>"; };
		ED6E20302AB09D4E008D34F2 /* LoginViewModel.swift */ = {isa = PBXFileReference; lastKnownFileType = sourcecode.swift; path = LoginViewModel.swift; sourceTree = "<group>"; };
		ED8192002AC018F000C7C830 /* CoordinatorFinishDelegate.swift */ = {isa = PBXFileReference; lastKnownFileType = sourcecode.swift; path = CoordinatorFinishDelegate.swift; sourceTree = "<group>"; };
		ED8192022AC0192300C7C830 /* ChangeRootableProtocol.swift */ = {isa = PBXFileReference; lastKnownFileType = sourcecode.swift; path = ChangeRootableProtocol.swift; sourceTree = "<group>"; };
		ED9FBD672AAC6ADB00B63CC5 /* SearchViewModel.swift */ = {isa = PBXFileReference; lastKnownFileType = sourcecode.swift; path = SearchViewModel.swift; sourceTree = "<group>"; };
		ED9FBD692AAC7D2C00B63CC5 /* Constant.swift */ = {isa = PBXFileReference; lastKnownFileType = sourcecode.swift; path = Constant.swift; sourceTree = "<group>"; };
		ED9FBD6C2AACA74900B63CC5 /* String+Extension.swift */ = {isa = PBXFileReference; lastKnownFileType = sourcecode.swift; path = "String+Extension.swift"; sourceTree = "<group>"; };
		ED9FBD712AACB46F00B63CC5 /* SortCollectionView.swift */ = {isa = PBXFileReference; lastKnownFileType = sourcecode.swift; path = SortCollectionView.swift; sourceTree = "<group>"; };
		ED9FBD732AACB69F00B63CC5 /* SortCollectionViewCell.swift */ = {isa = PBXFileReference; lastKnownFileType = sourcecode.swift; path = SortCollectionViewCell.swift; sourceTree = "<group>"; };
		EDDABCAB2AB4179B0003AAAC /* DetailCoordinator.swift */ = {isa = PBXFileReference; lastKnownFileType = sourcecode.swift; path = DetailCoordinator.swift; sourceTree = "<group>"; };
		EDDABCAD2AB4181E0003AAAC /* DetailSceneDIContainer.swift */ = {isa = PBXFileReference; lastKnownFileType = sourcecode.swift; path = DetailSceneDIContainer.swift; sourceTree = "<group>"; };
/* End PBXFileReference section */

/* Begin PBXFrameworksBuildPhase section */
		ED2A00AA2AA99CEC004A346D /* Frameworks */ = {
			isa = PBXFrameworksBuildPhase;
			buildActionMask = 2147483647;
			files = (
				ED2A00D82AA9AD6F004A346D /* RxSwift in Frameworks */,
				ED2A00D62AA9AD6F004A346D /* RxRelay in Frameworks */,
				ED9FBD702AACAEC700B63CC5 /* Kingfisher in Frameworks */,
				ED2A00D12AA9AD4D004A346D /* SnapKit in Frameworks */,
				ED2A00CE2AA9AD00004A346D /* RealmSwift in Frameworks */,
				ED2A00D42AA9AD6F004A346D /* RxCocoa in Frameworks */,
				ED2A00CC2AA9AD00004A346D /* Realm in Frameworks */,
			);
			runOnlyForDeploymentPostprocessing = 0;
		};
/* End PBXFrameworksBuildPhase section */

/* Begin PBXGroup section */
		ED2A00A42AA99CEC004A346D = {
			isa = PBXGroup;
			children = (
				ED2A00ED2AA9B437004A346D /* TODO.md */,
				ED2A00EB2AA9B419004A346D /* .gitignore */,
				ED2A00AF2AA99CEC004A346D /* SeSACMarket */,
				ED2A00AE2AA99CEC004A346D /* Products */,
			);
			sourceTree = "<group>";
		};
		ED2A00AE2AA99CEC004A346D /* Products */ = {
			isa = PBXGroup;
			children = (
				ED2A00AD2AA99CEC004A346D /* SeSACMarket.app */,
			);
			name = Products;
			sourceTree = "<group>";
		};
		ED2A00AF2AA99CEC004A346D /* SeSACMarket */ = {
			isa = PBXGroup;
			children = (
				ED2A00C52AA9ABFE004A346D /* Application */,
				ED2A00C72AA9AC14004A346D /* Data */,
				ED2A00C62AA9AC0A004A346D /* Domain */,
				ED2A00C82AA9AC29004A346D /* Presentation */,
				ED2A00C92AA9AC3B004A346D /* Infrastructure */,
				ED2A00C42AA9ABA1004A346D /* Resources */,
			);
			path = SeSACMarket;
			sourceTree = "<group>";
		};
		ED2A00C42AA9ABA1004A346D /* Resources */ = {
			isa = PBXGroup;
			children = (
				ED2A00B92AA99CED004A346D /* Assets.xcassets */,
				ED2A00BB2AA99CED004A346D /* LaunchScreen.storyboard */,
				ED2A00BE2AA99CED004A346D /* Info.plist */,
			);
			path = Resources;
			sourceTree = "<group>";
		};
		ED2A00C52AA9ABFE004A346D /* Application */ = {
			isa = PBXGroup;
			children = (
				ED2A00B02AA99CEC004A346D /* AppDelegate.swift */,
				ED2A00B22AA99CEC004A346D /* SceneDelegate.swift */,
				ED2A00EE2AA9B765004A346D /* AppFlowCoordinator.swift */,
				ED2A00D92AA9AE4F004A346D /* DIContainer */,
			);
			path = Application;
			sourceTree = "<group>";
		};
		ED2A00C62AA9AC0A004A346D /* Domain */ = {
			isa = PBXGroup;
			children = (
				ED2A01242AAADE07004A346D /* Entities */,
				ED2A01252AAADE0F004A346D /* UseCases */,
				ED2A01262AAADE19004A346D /* Interfaces */,
			);
			path = Domain;
			sourceTree = "<group>";
		};
		ED2A00C72AA9AC14004A346D /* Data */ = {
			isa = PBXGroup;
			children = (
				ED2A01582AAB3797004A346D /* Repositories */,
				ED4DAC9D2AAD910E0095CD77 /* Network */,
				ED4DAC9A2AAD8FCE0095CD77 /* PersistentStorages */,
			);
			path = Data;
			sourceTree = "<group>";
		};
		ED2A00C82AA9AC29004A346D /* Presentation */ = {
			isa = PBXGroup;
			children = (
				ED2A00E62AA9AF56004A346D /* Base */,
				ED2A00DE2AA9AEE5004A346D /* AuthScene */,
				ED2A01002AA9BDAD004A346D /* TabBarScene */,
				ED2A00F82AA9BC2B004A346D /* SearchScene */,
				ED4DACA22AADEDF70095CD77 /* FavoriteScene */,
				ED4DACB42AAE931A0095CD77 /* DetailScene */,
				ED6E20172AB07EAD008D34F2 /* SettingScene */,
				ED2A013B2AAAF495004A346D /* Utils */,
			);
			path = Presentation;
			sourceTree = "<group>";
		};
		ED2A00C92AA9AC3B004A346D /* Infrastructure */ = {
			isa = PBXGroup;
			children = (
				ED2A00F32AA9B837004A346D /* NameSpace */,
				ED2A01192AA9F2F1004A346D /* Network */,
			);
			path = Infrastructure;
			sourceTree = "<group>";
		};
		ED2A00D92AA9AE4F004A346D /* DIContainer */ = {
			isa = PBXGroup;
			children = (
				ED2A00DA2AA9AE60004A346D /* AppDIContainer.swift */,
				ED2A00DC2AA9AE94004A346D /* AuthSceneDIContainer.swift */,
				ED2A00F62AA9BBE1004A346D /* TabBarSceneDIContainer.swift */,
				ED2A01042AA9BE78004A346D /* SearchSceneDIContainer.swift */,
				ED4DACAC2AADF1E50095CD77 /* FavoriteSceneDIContainer.swift */,
				EDDABCAD2AB4181E0003AAAC /* DetailSceneDIContainer.swift */,
				ED6E20212AB082D5008D34F2 /* SettingSceneDIContainer.swift */,
			);
			path = DIContainer;
			sourceTree = "<group>";
		};
		ED2A00DE2AA9AEE5004A346D /* AuthScene */ = {
			isa = PBXGroup;
			children = (
				ED2A00DF2AA9AEF8004A346D /* Flows */,
				ED6E202F2AB09D42008D34F2 /* ViewModel */,
				ED2A00E32AA9AF2D004A346D /* View */,
			);
			path = AuthScene;
			sourceTree = "<group>";
		};
		ED2A00DF2AA9AEF8004A346D /* Flows */ = {
			isa = PBXGroup;
			children = (
				ED2A00E02AA9AF08004A346D /* AuthCoordinator.swift */,
			);
			path = Flows;
			sourceTree = "<group>";
		};
		ED2A00E32AA9AF2D004A346D /* View */ = {
			isa = PBXGroup;
			children = (
				ED2A00E42AA9AF3D004A346D /* LoginViewController.swift */,
			);
			path = View;
			sourceTree = "<group>";
		};
		ED2A00E62AA9AF56004A346D /* Base */ = {
			isa = PBXGroup;
			children = (
				ED2A01422AAAFA6A004A346D /* Protocol */,
				ED2A01152AA9F161004A346D /* UI */,
				ED2A00E72AA9AF85004A346D /* BaseViewController.swift */,
				ED2A01382AAAF276004A346D /* BaseCollectionViewCell.swift */,
			);
			path = Base;
			sourceTree = "<group>";
		};
		ED2A00F32AA9B837004A346D /* NameSpace */ = {
			isa = PBXGroup;
			children = (
				ED2A01082AA9C13D004A346D /* Image */,
				ED2A01072AA9C12E004A346D /* TabBar */,
				ED2A01062AA9C11D004A346D /* UserDefaults */,
				ED2A010E2AA9D91C004A346D /* CoordinatorType.swift */,
				ED2A01542AAB0326004A346D /* SortEnum.swift */,
				ED9FBD692AAC7D2C00B63CC5 /* Constant.swift */,
			);
			path = NameSpace;
			sourceTree = "<group>";
		};
		ED2A00F82AA9BC2B004A346D /* SearchScene */ = {
			isa = PBXGroup;
			children = (
				ED2A00F92AA9BC52004A346D /* Flows */,
				ED9FBD662AAC6AC300B63CC5 /* ViewModel */,
				ED2A00FC2AA9BD29004A346D /* View */,
			);
			path = SearchScene;
			sourceTree = "<group>";
		};
		ED2A00F92AA9BC52004A346D /* Flows */ = {
			isa = PBXGroup;
			children = (
				ED2A00FA2AA9BCB4004A346D /* SearchCoordinator.swift */,
			);
			path = Flows;
			sourceTree = "<group>";
		};
		ED2A00FC2AA9BD29004A346D /* View */ = {
			isa = PBXGroup;
			children = (
				ED2A00FE2AA9BD3E004A346D /* SearchViewController.swift */,
			);
			path = View;
			sourceTree = "<group>";
		};
		ED2A01002AA9BDAD004A346D /* TabBarScene */ = {
			isa = PBXGroup;
			children = (
				ED2A01012AA9BDD6004A346D /* TabBarCoordinator.swift */,
			);
			path = TabBarScene;
			sourceTree = "<group>";
		};
		ED2A01062AA9C11D004A346D /* UserDefaults */ = {
			isa = PBXGroup;
			children = (
				ED2A00F42AA9B848004A346D /* UserDefaultsKey.swift */,
			);
			path = UserDefaults;
			sourceTree = "<group>";
		};
		ED2A01072AA9C12E004A346D /* TabBar */ = {
			isa = PBXGroup;
			children = (
				ED2A010B2AA9C394004A346D /* TabBarEnum.swift */,
			);
			path = TabBar;
			sourceTree = "<group>";
		};
		ED2A01082AA9C13D004A346D /* Image */ = {
			isa = PBXGroup;
			children = (
				ED2A01092AA9C296004A346D /* ImageEnum.swift */,
			);
			path = Image;
			sourceTree = "<group>";
		};
		ED2A01152AA9F161004A346D /* UI */ = {
			isa = PBXGroup;
			children = (
				ED4DAC942AAD8C150095CD77 /* Button */,
				ED4DAC912AAD8BF70095CD77 /* CollectionView */,
				ED4DAC952AAD8C1A0095CD77 /* SearchBar */,
			);
			path = UI;
			sourceTree = "<group>";
		};
		ED2A01192AA9F2F1004A346D /* Network */ = {
			isa = PBXGroup;
			children = (
				ED2A011A2AA9F303004A346D /* Utils */,
				ED5100212AAC3C9800BB305F /* APIs */,
				ED5100222AAC3D1100BB305F /* APIDataTransferService.swift */,
			);
			path = Network;
			sourceTree = "<group>";
		};
		ED2A011A2AA9F303004A346D /* Utils */ = {
			isa = PBXGroup;
			children = (
				ED2A011B2AA9F30A004A346D /* APIKey.swift */,
				ED2A011D2AA9F575004A346D /* Endpoint.swift */,
				ED2A01482AAAFE49004A346D /* HTTPMethod.swift */,
				ED2A014A2AAAFEBA004A346D /* HTTPHeader.swift */,
				ED2A014C2AAAFF8E004A346D /* URLRequest+Extension.swift */,
				ED2A014E2AAAFFE0004A346D /* APIError.swift */,
			);
			path = Utils;
			sourceTree = "<group>";
		};
		ED2A01242AAADE07004A346D /* Entities */ = {
			isa = PBXGroup;
			children = (
				ED2A01272AAADE37004A346D /* Product.swift */,
			);
			path = Entities;
			sourceTree = "<group>";
		};
		ED2A01252AAADE0F004A346D /* UseCases */ = {
			isa = PBXGroup;
			children = (
				ED2A012E2AAAE5E0004A346D /* ProductRemoteFetchUseCase.swift */,
				ED2A01302AAAEBAF004A346D /* ProductLocalFetchUseCase.swift */,
				ED59167D2AB327170033F3CC /* LikeUseCase.swift */,
			);
			path = UseCases;
			sourceTree = "<group>";
		};
		ED2A01262AAADE19004A346D /* Interfaces */ = {
			isa = PBXGroup;
			children = (
				ED2A01292AAAE276004A346D /* ProductRemoteRepository.swift */,
				ED2A012C2AAAE28D004A346D /* ProductLocalRepository.swift */,
			);
			path = Interfaces;
			sourceTree = "<group>";
		};
		ED2A013B2AAAF495004A346D /* Utils */ = {
			isa = PBXGroup;
			children = (
				ED2A013F2AAAF4C0004A346D /* Extensions */,
			);
			path = Utils;
			sourceTree = "<group>";
		};
		ED2A013F2AAAF4C0004A346D /* Extensions */ = {
			isa = PBXGroup;
			children = (
				ED2A01112AA9E552004A346D /* UIColor+Extension.swift */,
				ED2A01402AAAF4ED004A346D /* UIFont+Extension.swift */,
				ED9FBD6C2AACA74900B63CC5 /* String+Extension.swift */,
				ED4DACA02AAD92110095CD77 /* Int+Extension.swift */,
				ED4DACB22AAE250F0095CD77 /* Reactive+Extension.swift */,
				ED4DACFC2AAEF5560095CD77 /* NSNotificationName+Extension.swift */,
			);
			path = Extensions;
			sourceTree = "<group>";
		};
		ED2A01422AAAFA6A004A346D /* Protocol */ = {
			isa = PBXGroup;
			children = (
				ED2A00E92AA9B267004A346D /* CoordinatorProtocol.swift */,
				ED8192022AC0192300C7C830 /* ChangeRootableProtocol.swift */,
				ED8192002AC018F000C7C830 /* CoordinatorFinishDelegate.swift */,
				ED2A01432AAAFA87004A346D /* ReusableProtocol.swift */,
				ED4DACB02AAE12F40095CD77 /* ViewModelProtocol.swift */,
			);
			path = Protocol;
			sourceTree = "<group>";
		};
		ED2A01582AAB3797004A346D /* Repositories */ = {
			isa = PBXGroup;
			children = (
				ED2A01592AAB37B2004A346D /* DefaultProductRemoteRepository.swift */,
				ED4DAC982AAD8F0E0095CD77 /* DefaultProductLocalRepository.swift */,
			);
			path = Repositories;
			sourceTree = "<group>";
		};
		ED4DAC912AAD8BF70095CD77 /* CollectionView */ = {
			isa = PBXGroup;
			children = (
				ED4DAC922AAD8BFF0095CD77 /* Product */,
				ED4DAC932AAD8C050095CD77 /* Sort */,
			);
			path = CollectionView;
			sourceTree = "<group>";
		};
		ED4DAC922AAD8BFF0095CD77 /* Product */ = {
			isa = PBXGroup;
			children = (
				ED2A01342AAAF20A004A346D /* ProductsCollectionView.swift */,
				ED2A01362AAAF21E004A346D /* ProductCollectionViewCell.swift */,
				ED4DACAE2AADFC070095CD77 /* ProductCollectionViewCellViewModel.swift */,
			);
			path = Product;
			sourceTree = "<group>";
		};
		ED4DAC932AAD8C050095CD77 /* Sort */ = {
			isa = PBXGroup;
			children = (
				ED9FBD712AACB46F00B63CC5 /* SortCollectionView.swift */,
				ED9FBD732AACB69F00B63CC5 /* SortCollectionViewCell.swift */,
			);
			path = Sort;
			sourceTree = "<group>";
		};
		ED4DAC942AAD8C150095CD77 /* Button */ = {
			isa = PBXGroup;
			children = (
				ED2A01322AAAF0E7004A346D /* ButtonStyle1.swift */,
				ED4DAC962AAD8C420095CD77 /* LikeButton.swift */,
			);
			path = Button;
			sourceTree = "<group>";
		};
		ED4DAC952AAD8C1A0095CD77 /* SearchBar */ = {
			isa = PBXGroup;
			children = (
				ED2A01132AA9F08D004A346D /* DefaultSearchBar.swift */,
			);
			path = SearchBar;
			sourceTree = "<group>";
		};
		ED4DAC9A2AAD8FCE0095CD77 /* PersistentStorages */ = {
			isa = PBXGroup;
			children = (
				ED4DAC9B2AAD90130095CD77 /* ProductTable+Mapping.swift */,
			);
			path = PersistentStorages;
			sourceTree = "<group>";
		};
		ED4DAC9D2AAD910E0095CD77 /* Network */ = {
			isa = PBXGroup;
			children = (
				ED4DAC9E2AAD91AA0095CD77 /* ProdcutDTO+Mapping.swift */,
			);
			path = Network;
			sourceTree = "<group>";
		};
		ED4DACA22AADEDF70095CD77 /* FavoriteScene */ = {
			isa = PBXGroup;
			children = (
				ED4DACA32AADEE060095CD77 /* Flows */,
				ED4DACA42AADEE090095CD77 /* ViewModel */,
				ED4DACA52AADEE0D0095CD77 /* View */,
			);
			path = FavoriteScene;
			sourceTree = "<group>";
		};
		ED4DACA32AADEE060095CD77 /* Flows */ = {
			isa = PBXGroup;
			children = (
				ED4DACAA2AADEE4E0095CD77 /* FavoriteCoordinator.swift */,
			);
			path = Flows;
			sourceTree = "<group>";
		};
		ED4DACA42AADEE090095CD77 /* ViewModel */ = {
			isa = PBXGroup;
			children = (
				ED4DACA82AADEE360095CD77 /* FavoriteViewModel.swift */,
			);
			path = ViewModel;
			sourceTree = "<group>";
		};
		ED4DACA52AADEE0D0095CD77 /* View */ = {
			isa = PBXGroup;
			children = (
				ED4DACA62AADEE2E0095CD77 /* FavoriteViewController.swift */,
			);
			path = View;
			sourceTree = "<group>";
		};
		ED4DACB42AAE931A0095CD77 /* DetailScene */ = {
			isa = PBXGroup;
			children = (
				EDDABCAA2AB417730003AAAC /* Flows */,
				ED4DACB62AAE93300095CD77 /* ViewModel */,
				ED4DACB72AAE933D0095CD77 /* View */,
			);
			path = DetailScene;
			sourceTree = "<group>";
		};
		ED4DACB62AAE93300095CD77 /* ViewModel */ = {
			isa = PBXGroup;
			children = (
				ED4DACBA2AAE949A0095CD77 /* DetailViewModel.swift */,
			);
			path = ViewModel;
			sourceTree = "<group>";
		};
		ED4DACB72AAE933D0095CD77 /* View */ = {
			isa = PBXGroup;
			children = (
				ED4DACBC2AAE94E10095CD77 /* DetailViewController.swift */,
			);
			path = View;
			sourceTree = "<group>";
		};
		ED5100212AAC3C9800BB305F /* APIs */ = {
			isa = PBXGroup;
			children = (
				ED2A01522AAB006D004A346D /* APIProtocol.swift */,
				ED2A01502AAB005A004A346D /* ProductAPI.swift */,
			);
			path = APIs;
			sourceTree = "<group>";
		};
		ED59167C2AB3002B0033F3CC /* SettingView */ = {
			isa = PBXGroup;
			children = (
				ED6E20192AB07F30008D34F2 /* ViewModel */,
				ED6E201A2AB07F3A008D34F2 /* View */,
			);
			path = SettingView;
			sourceTree = "<group>";
		};
		ED6E20172AB07EAD008D34F2 /* SettingScene */ = {
			isa = PBXGroup;
			children = (
				ED6E20182AB07EBF008D34F2 /* Flows */,
				ED59167C2AB3002B0033F3CC /* SettingView */,
				ED6E20232AB0897A008D34F2 /* LogoutView */,
			);
			path = SettingScene;
			sourceTree = "<group>";
		};
		ED6E20182AB07EBF008D34F2 /* Flows */ = {
			isa = PBXGroup;
			children = (
				ED6E201F2AB080E2008D34F2 /* SettingCoordinator.swift */,
			);
			path = Flows;
			sourceTree = "<group>";
		};
		ED6E20192AB07F30008D34F2 /* ViewModel */ = {
			isa = PBXGroup;
			children = (
				ED6E201B2AB07F62008D34F2 /* SettingViewModel.swift */,
			);
			path = ViewModel;
			sourceTree = "<group>";
		};
		ED6E201A2AB07F3A008D34F2 /* View */ = {
			isa = PBXGroup;
			children = (
				ED6E201D2AB07FC5008D34F2 /* SettingViewController.swift */,
			);
			path = View;
			sourceTree = "<group>";
		};
		ED6E20232AB0897A008D34F2 /* LogoutView */ = {
			isa = PBXGroup;
			children = (
				ED6E20252AB08998008D34F2 /* ViewModel */,
				ED6E20262AB0899C008D34F2 /* VIew */,
			);
			path = LogoutView;
			sourceTree = "<group>";
		};
		ED6E20252AB08998008D34F2 /* ViewModel */ = {
			isa = PBXGroup;
			children = (
				ED6E20292AB08A51008D34F2 /* LogoutViewModel.swift */,
			);
			path = ViewModel;
			sourceTree = "<group>";
		};
		ED6E20262AB0899C008D34F2 /* VIew */ = {
			isa = PBXGroup;
			children = (
				ED6E202B2AB08A8D008D34F2 /* LogoutViewController.swift */,
			);
			path = VIew;
			sourceTree = "<group>";
		};
		ED6E202F2AB09D42008D34F2 /* ViewModel */ = {
			isa = PBXGroup;
			children = (
				ED6E20302AB09D4E008D34F2 /* LoginViewModel.swift */,
			);
			path = ViewModel;
			sourceTree = "<group>";
		};
		ED9FBD662AAC6AC300B63CC5 /* ViewModel */ = {
			isa = PBXGroup;
			children = (
				ED9FBD672AAC6ADB00B63CC5 /* SearchViewModel.swift */,
			);
			path = ViewModel;
			sourceTree = "<group>";
		};
		EDDABCAA2AB417730003AAAC /* Flows */ = {
			isa = PBXGroup;
			children = (
				EDDABCAB2AB4179B0003AAAC /* DetailCoordinator.swift */,
			);
			path = Flows;
			sourceTree = "<group>";
		};
/* End PBXGroup section */

/* Begin PBXNativeTarget section */
		ED2A00AC2AA99CEC004A346D /* SeSACMarket */ = {
			isa = PBXNativeTarget;
			buildConfigurationList = ED2A00C12AA99CED004A346D /* Build configuration list for PBXNativeTarget "SeSACMarket" */;
			buildPhases = (
				ED2A00A92AA99CEC004A346D /* Sources */,
				ED2A00AA2AA99CEC004A346D /* Frameworks */,
				ED2A00AB2AA99CEC004A346D /* Resources */,
			);
			buildRules = (
			);
			dependencies = (
			);
			name = SeSACMarket;
			packageProductDependencies = (
				ED2A00CB2AA9AD00004A346D /* Realm */,
				ED2A00CD2AA9AD00004A346D /* RealmSwift */,
				ED2A00D02AA9AD4D004A346D /* SnapKit */,
				ED2A00D32AA9AD6F004A346D /* RxCocoa */,
				ED2A00D52AA9AD6F004A346D /* RxRelay */,
				ED2A00D72AA9AD6F004A346D /* RxSwift */,
				ED9FBD6F2AACAEC700B63CC5 /* Kingfisher */,
			);
			productName = SeSACMarket;
			productReference = ED2A00AD2AA99CEC004A346D /* SeSACMarket.app */;
			productType = "com.apple.product-type.application";
		};
/* End PBXNativeTarget section */

/* Begin PBXProject section */
		ED2A00A52AA99CEC004A346D /* Project object */ = {
			isa = PBXProject;
			attributes = {
				BuildIndependentTargetsInParallel = 1;
				LastSwiftUpdateCheck = 1420;
				LastUpgradeCheck = 1500;
				TargetAttributes = {
					ED2A00AC2AA99CEC004A346D = {
						CreatedOnToolsVersion = 14.2;
					};
				};
			};
			buildConfigurationList = ED2A00A82AA99CEC004A346D /* Build configuration list for PBXProject "SeSACMarket" */;
			compatibilityVersion = "Xcode 14.0";
			developmentRegion = en;
			hasScannedForEncodings = 0;
			knownRegions = (
				en,
				Base,
			);
			mainGroup = ED2A00A42AA99CEC004A346D;
			packageReferences = (
				ED2A00CA2AA9AD00004A346D /* XCRemoteSwiftPackageReference "realm-swift" */,
				ED2A00CF2AA9AD4D004A346D /* XCRemoteSwiftPackageReference "SnapKit" */,
				ED2A00D22AA9AD6F004A346D /* XCRemoteSwiftPackageReference "RxSwift" */,
				ED9FBD6E2AACAEC700B63CC5 /* XCRemoteSwiftPackageReference "Kingfisher" */,
			);
			productRefGroup = ED2A00AE2AA99CEC004A346D /* Products */;
			projectDirPath = "";
			projectRoot = "";
			targets = (
				ED2A00AC2AA99CEC004A346D /* SeSACMarket */,
			);
		};
/* End PBXProject section */

/* Begin PBXResourcesBuildPhase section */
		ED2A00AB2AA99CEC004A346D /* Resources */ = {
			isa = PBXResourcesBuildPhase;
			buildActionMask = 2147483647;
			files = (
				ED2A00BD2AA99CED004A346D /* LaunchScreen.storyboard in Resources */,
				ED2A00EC2AA9B419004A346D /* .gitignore in Resources */,
				ED2A00BA2AA99CED004A346D /* Assets.xcassets in Resources */,
			);
			runOnlyForDeploymentPostprocessing = 0;
		};
/* End PBXResourcesBuildPhase section */

/* Begin PBXSourcesBuildPhase section */
		ED2A00A92AA99CEC004A346D /* Sources */ = {
			isa = PBXSourcesBuildPhase;
			buildActionMask = 2147483647;
			files = (
				ED6E20222AB082D5008D34F2 /* SettingSceneDIContainer.swift in Sources */,
				ED4DACA92AADEE360095CD77 /* FavoriteViewModel.swift in Sources */,
				ED2A00E52AA9AF3D004A346D /* LoginViewController.swift in Sources */,
				ED2A012F2AAAE5E0004A346D /* ProductRemoteFetchUseCase.swift in Sources */,
				ED4DACAB2AADEE4E0095CD77 /* FavoriteCoordinator.swift in Sources */,
				ED4DAC992AAD8F0E0095CD77 /* DefaultProductLocalRepository.swift in Sources */,
				ED9FBD722AACB46F00B63CC5 /* SortCollectionView.swift in Sources */,
				ED4DACB12AAE12F40095CD77 /* ViewModelProtocol.swift in Sources */,
				ED2A011C2AA9F30A004A346D /* APIKey.swift in Sources */,
				ED4DAC9C2AAD90130095CD77 /* ProductTable+Mapping.swift in Sources */,
				ED2A01122AA9E552004A346D /* UIColor+Extension.swift in Sources */,
				ED2A00EF2AA9B765004A346D /* AppFlowCoordinator.swift in Sources */,
				ED59167E2AB327170033F3CC /* LikeUseCase.swift in Sources */,
				ED2A01352AAAF20A004A346D /* ProductsCollectionView.swift in Sources */,
				ED2A01552AAB0326004A346D /* SortEnum.swift in Sources */,
				ED2A011E2AA9F575004A346D /* Endpoint.swift in Sources */,
				ED2A01312AAAEBAF004A346D /* ProductLocalFetchUseCase.swift in Sources */,
				ED6E202A2AB08A51008D34F2 /* LogoutViewModel.swift in Sources */,
				ED4DAC9F2AAD91AA0095CD77 /* ProdcutDTO+Mapping.swift in Sources */,
				ED2A010A2AA9C296004A346D /* ImageEnum.swift in Sources */,
				ED2A00F52AA9B848004A346D /* UserDefaultsKey.swift in Sources */,
				ED4DACBB2AAE949A0095CD77 /* DetailViewModel.swift in Sources */,
				ED4DACBD2AAE94E10095CD77 /* DetailViewController.swift in Sources */,
				ED2A014F2AAAFFE0004A346D /* APIError.swift in Sources */,
				ED6E20312AB09D4E008D34F2 /* LoginViewModel.swift in Sources */,
				ED5100232AAC3D1100BB305F /* APIDataTransferService.swift in Sources */,
				ED2A00E12AA9AF08004A346D /* AuthCoordinator.swift in Sources */,
				ED6E201E2AB07FC5008D34F2 /* SettingViewController.swift in Sources */,
				ED2A01512AAB005A004A346D /* ProductAPI.swift in Sources */,
				ED2A01052AA9BE78004A346D /* SearchSceneDIContainer.swift in Sources */,
				ED2A014B2AAAFEBA004A346D /* HTTPHeader.swift in Sources */,
				ED8192032AC0192300C7C830 /* ChangeRootableProtocol.swift in Sources */,
				ED4DACA12AAD92110095CD77 /* Int+Extension.swift in Sources */,
				ED6E20202AB080E2008D34F2 /* SettingCoordinator.swift in Sources */,
				ED4DACB32AAE250F0095CD77 /* Reactive+Extension.swift in Sources */,
				ED2A01492AAAFE49004A346D /* HTTPMethod.swift in Sources */,
				ED2A01532AAB006D004A346D /* APIProtocol.swift in Sources */,
				ED2A01332AAAF0E7004A346D /* ButtonStyle1.swift in Sources */,
				ED9FBD6A2AAC7D2C00B63CC5 /* Constant.swift in Sources */,
				ED6E202C2AB08A8D008D34F2 /* LogoutViewController.swift in Sources */,
				ED2A00FB2AA9BCB4004A346D /* SearchCoordinator.swift in Sources */,
				EDDABCAE2AB4181E0003AAAC /* DetailSceneDIContainer.swift in Sources */,
				ED9FBD682AAC6ADB00B63CC5 /* SearchViewModel.swift in Sources */,
				ED9FBD742AACB69F00B63CC5 /* SortCollectionViewCell.swift in Sources */,
				ED2A01412AAAF4ED004A346D /* UIFont+Extension.swift in Sources */,
				ED2A00EA2AA9B267004A346D /* CoordinatorProtocol.swift in Sources */,
				ED4DACFD2AAEF5560095CD77 /* NSNotificationName+Extension.swift in Sources */,
				ED2A01282AAADE37004A346D /* Product.swift in Sources */,
				ED2A01442AAAFA87004A346D /* ReusableProtocol.swift in Sources */,
				ED2A00F72AA9BBE1004A346D /* TabBarSceneDIContainer.swift in Sources */,
				ED4DACA72AADEE2E0095CD77 /* FavoriteViewController.swift in Sources */,
				EDDABCAC2AB4179B0003AAAC /* DetailCoordinator.swift in Sources */,
				ED9FBD6D2AACA74900B63CC5 /* String+Extension.swift in Sources */,
				ED2A012A2AAAE276004A346D /* ProductRemoteRepository.swift in Sources */,
				ED4DACAD2AADF1E50095CD77 /* FavoriteSceneDIContainer.swift in Sources */,
				ED2A00DD2AA9AE94004A346D /* AuthSceneDIContainer.swift in Sources */,
				ED2A012D2AAAE28D004A346D /* ProductLocalRepository.swift in Sources */,
				ED2A015A2AAB37B2004A346D /* DefaultProductRemoteRepository.swift in Sources */,
				ED2A010C2AA9C394004A346D /* TabBarEnum.swift in Sources */,
				ED2A014D2AAAFF8E004A346D /* URLRequest+Extension.swift in Sources */,
				ED2A00FF2AA9BD3E004A346D /* SearchViewController.swift in Sources */,
				ED2A00B12AA99CEC004A346D /* AppDelegate.swift in Sources */,
				ED8192012AC018F000C7C830 /* CoordinatorFinishDelegate.swift in Sources */,
				ED2A01142AA9F08D004A346D /* DefaultSearchBar.swift in Sources */,
				ED6E201C2AB07F62008D34F2 /* SettingViewModel.swift in Sources */,
				ED2A01392AAAF276004A346D /* BaseCollectionViewCell.swift in Sources */,
				ED2A01022AA9BDD6004A346D /* TabBarCoordinator.swift in Sources */,
				ED2A010F2AA9D91C004A346D /* CoordinatorType.swift in Sources */,
				ED2A00B32AA99CEC004A346D /* SceneDelegate.swift in Sources */,
				ED4DACAF2AADFC070095CD77 /* ProductCollectionViewCellViewModel.swift in Sources */,
				ED4DAC972AAD8C420095CD77 /* LikeButton.swift in Sources */,
				ED2A01372AAAF21E004A346D /* ProductCollectionViewCell.swift in Sources */,
				ED2A00E82AA9AF85004A346D /* BaseViewController.swift in Sources */,
				ED2A00DB2AA9AE60004A346D /* AppDIContainer.swift in Sources */,
			);
			runOnlyForDeploymentPostprocessing = 0;
		};
/* End PBXSourcesBuildPhase section */

/* Begin PBXVariantGroup section */
		ED2A00BB2AA99CED004A346D /* LaunchScreen.storyboard */ = {
			isa = PBXVariantGroup;
			children = (
				ED2A00BC2AA99CED004A346D /* Base */,
			);
			name = LaunchScreen.storyboard;
			sourceTree = "<group>";
		};
/* End PBXVariantGroup section */

/* Begin XCBuildConfiguration section */
		ED2A00BF2AA99CED004A346D /* Debug */ = {
			isa = XCBuildConfiguration;
			buildSettings = {
				ALWAYS_SEARCH_USER_PATHS = NO;
				ASSETCATALOG_COMPILER_GENERATE_SWIFT_ASSET_SYMBOL_EXTENSIONS = YES;
				CLANG_ANALYZER_NONNULL = YES;
				CLANG_ANALYZER_NUMBER_OBJECT_CONVERSION = YES_AGGRESSIVE;
				CLANG_CXX_LANGUAGE_STANDARD = "gnu++20";
				CLANG_ENABLE_MODULES = YES;
				CLANG_ENABLE_OBJC_ARC = YES;
				CLANG_ENABLE_OBJC_WEAK = YES;
				CLANG_WARN_BLOCK_CAPTURE_AUTORELEASING = YES;
				CLANG_WARN_BOOL_CONVERSION = YES;
				CLANG_WARN_COMMA = YES;
				CLANG_WARN_CONSTANT_CONVERSION = YES;
				CLANG_WARN_DEPRECATED_OBJC_IMPLEMENTATIONS = YES;
				CLANG_WARN_DIRECT_OBJC_ISA_USAGE = YES_ERROR;
				CLANG_WARN_DOCUMENTATION_COMMENTS = YES;
				CLANG_WARN_EMPTY_BODY = YES;
				CLANG_WARN_ENUM_CONVERSION = YES;
				CLANG_WARN_INFINITE_RECURSION = YES;
				CLANG_WARN_INT_CONVERSION = YES;
				CLANG_WARN_NON_LITERAL_NULL_CONVERSION = YES;
				CLANG_WARN_OBJC_IMPLICIT_RETAIN_SELF = YES;
				CLANG_WARN_OBJC_LITERAL_CONVERSION = YES;
				CLANG_WARN_OBJC_ROOT_CLASS = YES_ERROR;
				CLANG_WARN_QUOTED_INCLUDE_IN_FRAMEWORK_HEADER = YES;
				CLANG_WARN_RANGE_LOOP_ANALYSIS = YES;
				CLANG_WARN_STRICT_PROTOTYPES = YES;
				CLANG_WARN_SUSPICIOUS_MOVE = YES;
				CLANG_WARN_UNGUARDED_AVAILABILITY = YES_AGGRESSIVE;
				CLANG_WARN_UNREACHABLE_CODE = YES;
				CLANG_WARN__DUPLICATE_METHOD_MATCH = YES;
				COPY_PHASE_STRIP = NO;
				DEBUG_INFORMATION_FORMAT = dwarf;
				ENABLE_STRICT_OBJC_MSGSEND = YES;
				ENABLE_TESTABILITY = YES;
				ENABLE_USER_SCRIPT_SANDBOXING = YES;
				GCC_C_LANGUAGE_STANDARD = gnu11;
				GCC_DYNAMIC_NO_PIC = NO;
				GCC_NO_COMMON_BLOCKS = YES;
				GCC_OPTIMIZATION_LEVEL = 0;
				GCC_PREPROCESSOR_DEFINITIONS = (
					"DEBUG=1",
					"$(inherited)",
				);
				GCC_WARN_64_TO_32_BIT_CONVERSION = YES;
				GCC_WARN_ABOUT_RETURN_TYPE = YES_ERROR;
				GCC_WARN_UNDECLARED_SELECTOR = YES;
				GCC_WARN_UNINITIALIZED_AUTOS = YES_AGGRESSIVE;
				GCC_WARN_UNUSED_FUNCTION = YES;
				GCC_WARN_UNUSED_VARIABLE = YES;
				IPHONEOS_DEPLOYMENT_TARGET = 13.0;
				MTL_ENABLE_DEBUG_INFO = INCLUDE_SOURCE;
				MTL_FAST_MATH = YES;
				ONLY_ACTIVE_ARCH = YES;
				SDKROOT = iphoneos;
				SWIFT_ACTIVE_COMPILATION_CONDITIONS = DEBUG;
				SWIFT_OPTIMIZATION_LEVEL = "-Onone";
			};
			name = Debug;
		};
		ED2A00C02AA99CED004A346D /* Release */ = {
			isa = XCBuildConfiguration;
			buildSettings = {
				ALWAYS_SEARCH_USER_PATHS = NO;
				ASSETCATALOG_COMPILER_GENERATE_SWIFT_ASSET_SYMBOL_EXTENSIONS = YES;
				CLANG_ANALYZER_NONNULL = YES;
				CLANG_ANALYZER_NUMBER_OBJECT_CONVERSION = YES_AGGRESSIVE;
				CLANG_CXX_LANGUAGE_STANDARD = "gnu++20";
				CLANG_ENABLE_MODULES = YES;
				CLANG_ENABLE_OBJC_ARC = YES;
				CLANG_ENABLE_OBJC_WEAK = YES;
				CLANG_WARN_BLOCK_CAPTURE_AUTORELEASING = YES;
				CLANG_WARN_BOOL_CONVERSION = YES;
				CLANG_WARN_COMMA = YES;
				CLANG_WARN_CONSTANT_CONVERSION = YES;
				CLANG_WARN_DEPRECATED_OBJC_IMPLEMENTATIONS = YES;
				CLANG_WARN_DIRECT_OBJC_ISA_USAGE = YES_ERROR;
				CLANG_WARN_DOCUMENTATION_COMMENTS = YES;
				CLANG_WARN_EMPTY_BODY = YES;
				CLANG_WARN_ENUM_CONVERSION = YES;
				CLANG_WARN_INFINITE_RECURSION = YES;
				CLANG_WARN_INT_CONVERSION = YES;
				CLANG_WARN_NON_LITERAL_NULL_CONVERSION = YES;
				CLANG_WARN_OBJC_IMPLICIT_RETAIN_SELF = YES;
				CLANG_WARN_OBJC_LITERAL_CONVERSION = YES;
				CLANG_WARN_OBJC_ROOT_CLASS = YES_ERROR;
				CLANG_WARN_QUOTED_INCLUDE_IN_FRAMEWORK_HEADER = YES;
				CLANG_WARN_RANGE_LOOP_ANALYSIS = YES;
				CLANG_WARN_STRICT_PROTOTYPES = YES;
				CLANG_WARN_SUSPICIOUS_MOVE = YES;
				CLANG_WARN_UNGUARDED_AVAILABILITY = YES_AGGRESSIVE;
				CLANG_WARN_UNREACHABLE_CODE = YES;
				CLANG_WARN__DUPLICATE_METHOD_MATCH = YES;
				COPY_PHASE_STRIP = NO;
				DEBUG_INFORMATION_FORMAT = "dwarf-with-dsym";
				ENABLE_NS_ASSERTIONS = NO;
				ENABLE_STRICT_OBJC_MSGSEND = YES;
				ENABLE_USER_SCRIPT_SANDBOXING = YES;
				GCC_C_LANGUAGE_STANDARD = gnu11;
				GCC_NO_COMMON_BLOCKS = YES;
				GCC_WARN_64_TO_32_BIT_CONVERSION = YES;
				GCC_WARN_ABOUT_RETURN_TYPE = YES_ERROR;
				GCC_WARN_UNDECLARED_SELECTOR = YES;
				GCC_WARN_UNINITIALIZED_AUTOS = YES_AGGRESSIVE;
				GCC_WARN_UNUSED_FUNCTION = YES;
				GCC_WARN_UNUSED_VARIABLE = YES;
				IPHONEOS_DEPLOYMENT_TARGET = 13.0;
				MTL_ENABLE_DEBUG_INFO = NO;
				MTL_FAST_MATH = YES;
				SDKROOT = iphoneos;
				SWIFT_COMPILATION_MODE = wholemodule;
				SWIFT_OPTIMIZATION_LEVEL = "-O";
				VALIDATE_PRODUCT = YES;
			};
			name = Release;
		};
		ED2A00C22AA99CED004A346D /* Debug */ = {
			isa = XCBuildConfiguration;
			buildSettings = {
				ASSETCATALOG_COMPILER_APPICON_NAME = AppIcon;
				ASSETCATALOG_COMPILER_GLOBAL_ACCENT_COLOR_NAME = AccentColor;
				CODE_SIGN_STYLE = Automatic;
				CURRENT_PROJECT_VERSION = 1;
				DEVELOPMENT_TEAM = 82J7RU93V4;
				GENERATE_INFOPLIST_FILE = YES;
				INFOPLIST_FILE = SeSACMarket/Resources/Info.plist;
				INFOPLIST_KEY_CFBundleDisplayName = "유종훈";
				INFOPLIST_KEY_LSApplicationCategoryType = "public.app-category.shopping";
				INFOPLIST_KEY_UIApplicationSupportsIndirectInputEvents = YES;
				INFOPLIST_KEY_UILaunchStoryboardName = LaunchScreen;
				INFOPLIST_KEY_UISupportedInterfaceOrientations = UIInterfaceOrientationPortrait;
				INFOPLIST_KEY_UISupportedInterfaceOrientations_iPad = "UIInterfaceOrientationLandscapeLeft UIInterfaceOrientationLandscapeRight UIInterfaceOrientationPortrait UIInterfaceOrientationPortraitUpsideDown";
				LD_RUNPATH_SEARCH_PATHS = (
					"$(inherited)",
					"@executable_path/Frameworks",
				);
				MARKETING_VERSION = 1.0;
				PRODUCT_BUNDLE_IDENTIFIER = com.JongHoon.SeSACMarket;
				PRODUCT_NAME = "$(TARGET_NAME)";
				SUPPORTED_PLATFORMS = "iphoneos iphonesimulator";
				SUPPORTS_MACCATALYST = NO;
				SUPPORTS_MAC_DESIGNED_FOR_IPHONE_IPAD = NO;
				SWIFT_EMIT_LOC_STRINGS = YES;
				SWIFT_VERSION = 5.0;
				TARGETED_DEVICE_FAMILY = 1;
			};
			name = Debug;
		};
		ED2A00C32AA99CED004A346D /* Release */ = {
			isa = XCBuildConfiguration;
			buildSettings = {
				ASSETCATALOG_COMPILER_APPICON_NAME = AppIcon;
				ASSETCATALOG_COMPILER_GLOBAL_ACCENT_COLOR_NAME = AccentColor;
				CODE_SIGN_STYLE = Automatic;
				CURRENT_PROJECT_VERSION = 1;
				DEVELOPMENT_TEAM = 82J7RU93V4;
				GENERATE_INFOPLIST_FILE = YES;
				INFOPLIST_FILE = SeSACMarket/Resources/Info.plist;
				INFOPLIST_KEY_CFBundleDisplayName = "유종훈";
				INFOPLIST_KEY_LSApplicationCategoryType = "public.app-category.shopping";
				INFOPLIST_KEY_UIApplicationSupportsIndirectInputEvents = YES;
				INFOPLIST_KEY_UILaunchStoryboardName = LaunchScreen;
				INFOPLIST_KEY_UISupportedInterfaceOrientations = UIInterfaceOrientationPortrait;
				INFOPLIST_KEY_UISupportedInterfaceOrientations_iPad = "UIInterfaceOrientationLandscapeLeft UIInterfaceOrientationLandscapeRight UIInterfaceOrientationPortrait UIInterfaceOrientationPortraitUpsideDown";
				LD_RUNPATH_SEARCH_PATHS = (
					"$(inherited)",
					"@executable_path/Frameworks",
				);
				MARKETING_VERSION = 1.0;
				PRODUCT_BUNDLE_IDENTIFIER = com.JongHoon.SeSACMarket;
				PRODUCT_NAME = "$(TARGET_NAME)";
				SUPPORTED_PLATFORMS = "iphoneos iphonesimulator";
				SUPPORTS_MACCATALYST = NO;
				SUPPORTS_MAC_DESIGNED_FOR_IPHONE_IPAD = NO;
				SWIFT_EMIT_LOC_STRINGS = YES;
				SWIFT_VERSION = 5.0;
				TARGETED_DEVICE_FAMILY = 1;
			};
			name = Release;
		};
/* End XCBuildConfiguration section */

/* Begin XCConfigurationList section */
		ED2A00A82AA99CEC004A346D /* Build configuration list for PBXProject "SeSACMarket" */ = {
			isa = XCConfigurationList;
			buildConfigurations = (
				ED2A00BF2AA99CED004A346D /* Debug */,
				ED2A00C02AA99CED004A346D /* Release */,
			);
			defaultConfigurationIsVisible = 0;
			defaultConfigurationName = Release;
		};
		ED2A00C12AA99CED004A346D /* Build configuration list for PBXNativeTarget "SeSACMarket" */ = {
			isa = XCConfigurationList;
			buildConfigurations = (
				ED2A00C22AA99CED004A346D /* Debug */,
				ED2A00C32AA99CED004A346D /* Release */,
			);
			defaultConfigurationIsVisible = 0;
			defaultConfigurationName = Release;
		};
/* End XCConfigurationList section */

/* Begin XCRemoteSwiftPackageReference section */
		ED2A00CA2AA9AD00004A346D /* XCRemoteSwiftPackageReference "realm-swift" */ = {
			isa = XCRemoteSwiftPackageReference;
			repositoryURL = "https://github.com/realm/realm-swift.git";
			requirement = {
				kind = exactVersion;
				version = 10.42.1;
			};
		};
		ED2A00CF2AA9AD4D004A346D /* XCRemoteSwiftPackageReference "SnapKit" */ = {
			isa = XCRemoteSwiftPackageReference;
			repositoryURL = "https://github.com/SnapKit/SnapKit.git";
			requirement = {
				kind = exactVersion;
				version = 5.6.0;
			};
		};
		ED2A00D22AA9AD6F004A346D /* XCRemoteSwiftPackageReference "RxSwift" */ = {
			isa = XCRemoteSwiftPackageReference;
			repositoryURL = "https://github.com/ReactiveX/RxSwift.git";
			requirement = {
				kind = exactVersion;
				version = 6.6.0;
			};
		};
		ED9FBD6E2AACAEC700B63CC5 /* XCRemoteSwiftPackageReference "Kingfisher" */ = {
			isa = XCRemoteSwiftPackageReference;
			repositoryURL = "https://github.com/onevcat/Kingfisher.git";
			requirement = {
				kind = exactVersion;
				version = 7.9.1;
			};
		};
/* End XCRemoteSwiftPackageReference section */

/* Begin XCSwiftPackageProductDependency section */
		ED2A00CB2AA9AD00004A346D /* Realm */ = {
			isa = XCSwiftPackageProductDependency;
			package = ED2A00CA2AA9AD00004A346D /* XCRemoteSwiftPackageReference "realm-swift" */;
			productName = Realm;
		};
		ED2A00CD2AA9AD00004A346D /* RealmSwift */ = {
			isa = XCSwiftPackageProductDependency;
			package = ED2A00CA2AA9AD00004A346D /* XCRemoteSwiftPackageReference "realm-swift" */;
			productName = RealmSwift;
		};
		ED2A00D02AA9AD4D004A346D /* SnapKit */ = {
			isa = XCSwiftPackageProductDependency;
			package = ED2A00CF2AA9AD4D004A346D /* XCRemoteSwiftPackageReference "SnapKit" */;
			productName = SnapKit;
		};
		ED2A00D32AA9AD6F004A346D /* RxCocoa */ = {
			isa = XCSwiftPackageProductDependency;
			package = ED2A00D22AA9AD6F004A346D /* XCRemoteSwiftPackageReference "RxSwift" */;
			productName = RxCocoa;
		};
		ED2A00D52AA9AD6F004A346D /* RxRelay */ = {
			isa = XCSwiftPackageProductDependency;
			package = ED2A00D22AA9AD6F004A346D /* XCRemoteSwiftPackageReference "RxSwift" */;
			productName = RxRelay;
		};
		ED2A00D72AA9AD6F004A346D /* RxSwift */ = {
			isa = XCSwiftPackageProductDependency;
			package = ED2A00D22AA9AD6F004A346D /* XCRemoteSwiftPackageReference "RxSwift" */;
			productName = RxSwift;
		};
		ED9FBD6F2AACAEC700B63CC5 /* Kingfisher */ = {
			isa = XCSwiftPackageProductDependency;
			package = ED9FBD6E2AACAEC700B63CC5 /* XCRemoteSwiftPackageReference "Kingfisher" */;
			productName = Kingfisher;
		};
/* End XCSwiftPackageProductDependency section */
	};
	rootObject = ED2A00A52AA99CEC004A346D /* Project object */;
}
